// !$*UTF8*$!
{
	archiveVersion = 1;
	classes = {
	};
	objectVersion = 46;
	objects = {

/* Begin PBXBuildFile section */
		420EC9D61996EFCF007A1BC0 /* BEMAnimations.m in Sources */ = {isa = PBXBuildFile; fileRef = 420EC9CF1996EFCF007A1BC0 /* BEMAnimations.m */; };
		420EC9D71996EFCF007A1BC0 /* BEMCircle.m in Sources */ = {isa = PBXBuildFile; fileRef = 420EC9D11996EFCF007A1BC0 /* BEMCircle.m */; };
		420EC9D81996EFCF007A1BC0 /* BEMLine.m in Sources */ = {isa = PBXBuildFile; fileRef = 420EC9D31996EFCF007A1BC0 /* BEMLine.m */; };
		420EC9D91996EFCF007A1BC0 /* BEMSimpleLineGraphView.m in Sources */ = {isa = PBXBuildFile; fileRef = 420EC9D51996EFCF007A1BC0 /* BEMSimpleLineGraphView.m */; };
		425512B819888AF2002D8E68 /* StoreKit.framework in Frameworks */ = {isa = PBXBuildFile; fileRef = 425512B719888AF2002D8E68 /* StoreKit.framework */; };
		425512BB19888B28002D8E68 /* IAPHelper.m in Sources */ = {isa = PBXBuildFile; fileRef = 425512BA19888B28002D8E68 /* IAPHelper.m */; };
		425512BE19888D08002D8E68 /* flowsIAPHelper.m in Sources */ = {isa = PBXBuildFile; fileRef = 425512BD19888D08002D8E68 /* flowsIAPHelper.m */; };
		42789D2019785A2C00003D42 /* addRow@2x.png in Resources */ = {isa = PBXBuildFile; fileRef = 42789D1C19785A2C00003D42 /* addRow@2x.png */; };
		42789D2119785A2C00003D42 /* bg@2x.png in Resources */ = {isa = PBXBuildFile; fileRef = 42789D1D19785A2C00003D42 /* bg@2x.png */; };
		42789D2219785A2C00003D42 /* default@2x.png in Resources */ = {isa = PBXBuildFile; fileRef = 42789D1E19785A2C00003D42 /* default@2x.png */; };
		42789D2319785A2C00003D42 /* mainLogo@2x.png in Resources */ = {isa = PBXBuildFile; fileRef = 42789D1F19785A2C00003D42 /* mainLogo@2x.png */; };
		42789D3819785D9F00003D42 /* addRiverObject.m in Sources */ = {isa = PBXBuildFile; fileRef = 42789D2619785D9F00003D42 /* addRiverObject.m */; };
		42789D3919785D9F00003D42 /* FLmainmodel.m in Sources */ = {isa = PBXBuildFile; fileRef = 42789D2819785D9F00003D42 /* FLmainmodel.m */; };
		42789D3A19785D9F00003D42 /* FLoutsideWrapper.m in Sources */ = {isa = PBXBuildFile; fileRef = 42789D2A19785D9F00003D42 /* FLoutsideWrapper.m */; };
		42789D3B19785D9F00003D42 /* insideWrapper.m in Sources */ = {isa = PBXBuildFile; fileRef = 42789D2C19785D9F00003D42 /* insideWrapper.m */; };
		42789D3C19785D9F00003D42 /* SourceInfoModel.m in Sources */ = {isa = PBXBuildFile; fileRef = 42789D2E19785D9F00003D42 /* SourceInfoModel.m */; };
		42789D3D19785D9F00003D42 /* ValueDetail.m in Sources */ = {isa = PBXBuildFile; fileRef = 42789D3019785D9F00003D42 /* ValueDetail.m */; };
		42789D3E19785D9F00003D42 /* ValuesModel.m in Sources */ = {isa = PBXBuildFile; fileRef = 42789D3219785D9F00003D42 /* ValuesModel.m */; };
		42789D3F19785D9F00003D42 /* VariableModel.m in Sources */ = {isa = PBXBuildFile; fileRef = 42789D3419785D9F00003D42 /* VariableModel.m */; };
		42789D4019785D9F00003D42 /* FLminMaxFlows.m in Sources */ = {isa = PBXBuildFile; fileRef = 42789D3719785D9F00003D42 /* FLminMaxFlows.m */; };
		42789D5719843AB800003D42 /* mySidePanelViewController.m in Sources */ = {isa = PBXBuildFile; fileRef = 42789D5619843AB800003D42 /* mySidePanelViewController.m */; };
		42789D5A19843B3300003D42 /* centerViewController.m in Sources */ = {isa = PBXBuildFile; fileRef = 42789D5919843B3300003D42 /* centerViewController.m */; };
		42789D5D19843B4100003D42 /* resultViewController.m in Sources */ = {isa = PBXBuildFile; fileRef = 42789D5C19843B4100003D42 /* resultViewController.m */; };
		42789D6019843B5600003D42 /* addInstanceViewController.m in Sources */ = {isa = PBXBuildFile; fileRef = 42789D5F19843B5600003D42 /* addInstanceViewController.m */; };
		42789D6219844F0C00003D42 /* add@2x.png in Resources */ = {isa = PBXBuildFile; fileRef = 42789D6119844F0C00003D42 /* add@2x.png */; };
		42789D641984522600003D42 /* Logo_Dashboard@2x.png in Resources */ = {isa = PBXBuildFile; fileRef = 42789D631984522600003D42 /* Logo_Dashboard@2x.png */; };
		42789D66198452A900003D42 /* infoIcon@2x.png in Resources */ = {isa = PBXBuildFile; fileRef = 42789D65198452A900003D42 /* infoIcon@2x.png */; };
		42789D691984647200003D42 /* aboutViewController.m in Sources */ = {isa = PBXBuildFile; fileRef = 42789D681984647200003D42 /* aboutViewController.m */; };
		42789D6D1984681C00003D42 /* dashTableViewCell.m in Sources */ = {isa = PBXBuildFile; fileRef = 42789D6C1984681C00003D42 /* dashTableViewCell.m */; };
		42789D7019848FD300003D42 /* searchHeader@2x.png in Resources */ = {isa = PBXBuildFile; fileRef = 42789D6E19848FD300003D42 /* searchHeader@2x.png */; };
		42789D7119848FD300003D42 /* searchIcon@2x.png in Resources */ = {isa = PBXBuildFile; fileRef = 42789D6F19848FD300003D42 /* searchIcon@2x.png */; };
		42789D731985E13800003D42 /* icon_add@2x.png in Resources */ = {isa = PBXBuildFile; fileRef = 42789D721985E13800003D42 /* icon_add@2x.png */; };
		42ABB204196E21AD0024C2A8 /* Foundation.framework in Frameworks */ = {isa = PBXBuildFile; fileRef = 42ABB203196E21AD0024C2A8 /* Foundation.framework */; };
		42ABB206196E21AD0024C2A8 /* CoreGraphics.framework in Frameworks */ = {isa = PBXBuildFile; fileRef = 42ABB205196E21AD0024C2A8 /* CoreGraphics.framework */; };
		42ABB208196E21AD0024C2A8 /* UIKit.framework in Frameworks */ = {isa = PBXBuildFile; fileRef = 42ABB207196E21AD0024C2A8 /* UIKit.framework */; };
		42ABB20E196E21AD0024C2A8 /* InfoPlist.strings in Resources */ = {isa = PBXBuildFile; fileRef = 42ABB20C196E21AD0024C2A8 /* InfoPlist.strings */; };
		42ABB210196E21AD0024C2A8 /* main.m in Sources */ = {isa = PBXBuildFile; fileRef = 42ABB20F196E21AD0024C2A8 /* main.m */; };
		42ABB214196E21AD0024C2A8 /* AppDelegate.m in Sources */ = {isa = PBXBuildFile; fileRef = 42ABB213196E21AD0024C2A8 /* AppDelegate.m */; };
		42ABB217196E21AD0024C2A8 /* Main_iPhone.storyboard in Resources */ = {isa = PBXBuildFile; fileRef = 42ABB215196E21AD0024C2A8 /* Main_iPhone.storyboard */; };
		42ABB21F196E21AD0024C2A8 /* Images.xcassets in Resources */ = {isa = PBXBuildFile; fileRef = 42ABB21E196E21AD0024C2A8 /* Images.xcassets */; };
		42ABB226196E21AD0024C2A8 /* XCTest.framework in Frameworks */ = {isa = PBXBuildFile; fileRef = 42ABB225196E21AD0024C2A8 /* XCTest.framework */; };
		42ABB227196E21AD0024C2A8 /* Foundation.framework in Frameworks */ = {isa = PBXBuildFile; fileRef = 42ABB203196E21AD0024C2A8 /* Foundation.framework */; };
		42ABB228196E21AD0024C2A8 /* UIKit.framework in Frameworks */ = {isa = PBXBuildFile; fileRef = 42ABB207196E21AD0024C2A8 /* UIKit.framework */; };
		42ABB230196E21AD0024C2A8 /* InfoPlist.strings in Resources */ = {isa = PBXBuildFile; fileRef = 42ABB22E196E21AD0024C2A8 /* InfoPlist.strings */; };
		42ABB232196E21AD0024C2A8 /* flowsTests.m in Sources */ = {isa = PBXBuildFile; fileRef = 42ABB231196E21AD0024C2A8 /* flowsTests.m */; };
		42EE67FA19916AAB00934069 /* icon120@2x.png in Resources */ = {isa = PBXBuildFile; fileRef = 42EE67F919916AAB00934069 /* icon120@2x.png */; };
		42EE67FD19916B2E00934069 /* icon58@2x.png in Resources */ = {isa = PBXBuildFile; fileRef = 42EE67FB19916B2E00934069 /* icon58@2x.png */; };
		42EE67FE19916B2E00934069 /* icon80@2x.png in Resources */ = {isa = PBXBuildFile; fileRef = 42EE67FC19916B2E00934069 /* icon80@2x.png */; };
		61426D2D561146AEB0EDD64B /* libPods.a in Frameworks */ = {isa = PBXBuildFile; fileRef = 97819237F6064E03AE1E1FAD /* libPods.a */; };
/* End PBXBuildFile section */

/* Begin PBXContainerItemProxy section */
		42ABB229196E21AD0024C2A8 /* PBXContainerItemProxy */ = {
			isa = PBXContainerItemProxy;
			containerPortal = 42ABB1F8196E21AD0024C2A8 /* Project object */;
			proxyType = 1;
			remoteGlobalIDString = 42ABB1FF196E21AD0024C2A8;
			remoteInfo = flows;
		};
/* End PBXContainerItemProxy section */

/* Begin PBXFileReference section */
		2D9C05AB8BA74F05B368CFBC /* Pods.xcconfig */ = {isa = PBXFileReference; includeInIndex = 1; lastKnownFileType = text.xcconfig; name = Pods.xcconfig; path = Pods/Pods.xcconfig; sourceTree = "<group>"; };
		420EC9CE1996EFCF007A1BC0 /* BEMAnimations.h */ = {isa = PBXFileReference; fileEncoding = 4; lastKnownFileType = sourcecode.c.h; path = BEMAnimations.h; sourceTree = "<group>"; };
		420EC9CF1996EFCF007A1BC0 /* BEMAnimations.m */ = {isa = PBXFileReference; fileEncoding = 4; lastKnownFileType = sourcecode.c.objc; path = BEMAnimations.m; sourceTree = "<group>"; };
		420EC9D01996EFCF007A1BC0 /* BEMCircle.h */ = {isa = PBXFileReference; fileEncoding = 4; lastKnownFileType = sourcecode.c.h; path = BEMCircle.h; sourceTree = "<group>"; };
		420EC9D11996EFCF007A1BC0 /* BEMCircle.m */ = {isa = PBXFileReference; fileEncoding = 4; lastKnownFileType = sourcecode.c.objc; path = BEMCircle.m; sourceTree = "<group>"; };
		420EC9D21996EFCF007A1BC0 /* BEMLine.h */ = {isa = PBXFileReference; fileEncoding = 4; lastKnownFileType = sourcecode.c.h; path = BEMLine.h; sourceTree = "<group>"; };
		420EC9D31996EFCF007A1BC0 /* BEMLine.m */ = {isa = PBXFileReference; fileEncoding = 4; lastKnownFileType = sourcecode.c.objc; path = BEMLine.m; sourceTree = "<group>"; };
		420EC9D41996EFCF007A1BC0 /* BEMSimpleLineGraphView.h */ = {isa = PBXFileReference; fileEncoding = 4; lastKnownFileType = sourcecode.c.h; path = BEMSimpleLineGraphView.h; sourceTree = "<group>"; };
		420EC9D51996EFCF007A1BC0 /* BEMSimpleLineGraphView.m */ = {isa = PBXFileReference; fileEncoding = 4; lastKnownFileType = sourcecode.c.objc; path = BEMSimpleLineGraphView.m; sourceTree = "<group>"; };
		425512B719888AF2002D8E68 /* StoreKit.framework */ = {isa = PBXFileReference; lastKnownFileType = wrapper.framework; name = StoreKit.framework; path = System/Library/Frameworks/StoreKit.framework; sourceTree = SDKROOT; };
		425512B919888B28002D8E68 /* IAPHelper.h */ = {isa = PBXFileReference; fileEncoding = 4; lastKnownFileType = sourcecode.c.h; path = IAPHelper.h; sourceTree = "<group>"; };
		425512BA19888B28002D8E68 /* IAPHelper.m */ = {isa = PBXFileReference; fileEncoding = 4; lastKnownFileType = sourcecode.c.objc; path = IAPHelper.m; sourceTree = "<group>"; };
		425512BC19888D08002D8E68 /* flowsIAPHelper.h */ = {isa = PBXFileReference; fileEncoding = 4; lastKnownFileType = sourcecode.c.h; path = flowsIAPHelper.h; sourceTree = "<group>"; };
		425512BD19888D08002D8E68 /* flowsIAPHelper.m */ = {isa = PBXFileReference; fileEncoding = 4; lastKnownFileType = sourcecode.c.objc; path = flowsIAPHelper.m; sourceTree = "<group>"; };
		42789D1C19785A2C00003D42 /* addRow@2x.png */ = {isa = PBXFileReference; lastKnownFileType = image.png; path = "addRow@2x.png"; sourceTree = "<group>"; };
		42789D1D19785A2C00003D42 /* bg@2x.png */ = {isa = PBXFileReference; lastKnownFileType = image.png; path = "bg@2x.png"; sourceTree = "<group>"; };
		42789D1E19785A2C00003D42 /* default@2x.png */ = {isa = PBXFileReference; lastKnownFileType = image.png; path = "default@2x.png"; sourceTree = "<group>"; };
		42789D1F19785A2C00003D42 /* mainLogo@2x.png */ = {isa = PBXFileReference; lastKnownFileType = image.png; path = "mainLogo@2x.png"; sourceTree = "<group>"; };
		42789D2519785D9F00003D42 /* addRiverObject.h */ = {isa = PBXFileReference; fileEncoding = 4; lastKnownFileType = sourcecode.c.h; path = addRiverObject.h; sourceTree = "<group>"; };
		42789D2619785D9F00003D42 /* addRiverObject.m */ = {isa = PBXFileReference; fileEncoding = 4; lastKnownFileType = sourcecode.c.objc; path = addRiverObject.m; sourceTree = "<group>"; };
		42789D2719785D9F00003D42 /* FLmainmodel.h */ = {isa = PBXFileReference; fileEncoding = 4; lastKnownFileType = sourcecode.c.h; path = FLmainmodel.h; sourceTree = "<group>"; };
		42789D2819785D9F00003D42 /* FLmainmodel.m */ = {isa = PBXFileReference; fileEncoding = 4; lastKnownFileType = sourcecode.c.objc; path = FLmainmodel.m; sourceTree = "<group>"; };
		42789D2919785D9F00003D42 /* FLoutsideWrapper.h */ = {isa = PBXFileReference; fileEncoding = 4; lastKnownFileType = sourcecode.c.h; path = FLoutsideWrapper.h; sourceTree = "<group>"; };
		42789D2A19785D9F00003D42 /* FLoutsideWrapper.m */ = {isa = PBXFileReference; fileEncoding = 4; lastKnownFileType = sourcecode.c.objc; path = FLoutsideWrapper.m; sourceTree = "<group>"; };
		42789D2B19785D9F00003D42 /* insideWrapper.h */ = {isa = PBXFileReference; fileEncoding = 4; lastKnownFileType = sourcecode.c.h; path = insideWrapper.h; sourceTree = "<group>"; };
		42789D2C19785D9F00003D42 /* insideWrapper.m */ = {isa = PBXFileReference; fileEncoding = 4; lastKnownFileType = sourcecode.c.objc; path = insideWrapper.m; sourceTree = "<group>"; };
		42789D2D19785D9F00003D42 /* SourceInfoModel.h */ = {isa = PBXFileReference; fileEncoding = 4; lastKnownFileType = sourcecode.c.h; path = SourceInfoModel.h; sourceTree = "<group>"; };
		42789D2E19785D9F00003D42 /* SourceInfoModel.m */ = {isa = PBXFileReference; fileEncoding = 4; lastKnownFileType = sourcecode.c.objc; path = SourceInfoModel.m; sourceTree = "<group>"; };
		42789D2F19785D9F00003D42 /* ValueDetail.h */ = {isa = PBXFileReference; fileEncoding = 4; lastKnownFileType = sourcecode.c.h; path = ValueDetail.h; sourceTree = "<group>"; };
		42789D3019785D9F00003D42 /* ValueDetail.m */ = {isa = PBXFileReference; fileEncoding = 4; lastKnownFileType = sourcecode.c.objc; path = ValueDetail.m; sourceTree = "<group>"; };
		42789D3119785D9F00003D42 /* ValuesModel.h */ = {isa = PBXFileReference; fileEncoding = 4; lastKnownFileType = sourcecode.c.h; path = ValuesModel.h; sourceTree = "<group>"; };
		42789D3219785D9F00003D42 /* ValuesModel.m */ = {isa = PBXFileReference; fileEncoding = 4; lastKnownFileType = sourcecode.c.objc; path = ValuesModel.m; sourceTree = "<group>"; };
		42789D3319785D9F00003D42 /* VariableModel.h */ = {isa = PBXFileReference; fileEncoding = 4; lastKnownFileType = sourcecode.c.h; path = VariableModel.h; sourceTree = "<group>"; };
		42789D3419785D9F00003D42 /* VariableModel.m */ = {isa = PBXFileReference; fileEncoding = 4; lastKnownFileType = sourcecode.c.objc; path = VariableModel.m; sourceTree = "<group>"; };
		42789D3619785D9F00003D42 /* FLminMaxFlows.h */ = {isa = PBXFileReference; fileEncoding = 4; lastKnownFileType = sourcecode.c.h; path = FLminMaxFlows.h; sourceTree = "<group>"; };
		42789D3719785D9F00003D42 /* FLminMaxFlows.m */ = {isa = PBXFileReference; fileEncoding = 4; lastKnownFileType = sourcecode.c.objc; path = FLminMaxFlows.m; sourceTree = "<group>"; };
		42789D5519843AB800003D42 /* mySidePanelViewController.h */ = {isa = PBXFileReference; fileEncoding = 4; lastKnownFileType = sourcecode.c.h; path = mySidePanelViewController.h; sourceTree = "<group>"; };
		42789D5619843AB800003D42 /* mySidePanelViewController.m */ = {isa = PBXFileReference; fileEncoding = 4; lastKnownFileType = sourcecode.c.objc; path = mySidePanelViewController.m; sourceTree = "<group>"; };
		42789D5819843B3300003D42 /* centerViewController.h */ = {isa = PBXFileReference; fileEncoding = 4; lastKnownFileType = sourcecode.c.h; path = centerViewController.h; sourceTree = "<group>"; };
		42789D5919843B3300003D42 /* centerViewController.m */ = {isa = PBXFileReference; fileEncoding = 4; lastKnownFileType = sourcecode.c.objc; path = centerViewController.m; sourceTree = "<group>"; };
		42789D5B19843B4100003D42 /* resultViewController.h */ = {isa = PBXFileReference; fileEncoding = 4; lastKnownFileType = sourcecode.c.h; path = resultViewController.h; sourceTree = "<group>"; };
		42789D5C19843B4100003D42 /* resultViewController.m */ = {isa = PBXFileReference; fileEncoding = 4; lastKnownFileType = sourcecode.c.objc; path = resultViewController.m; sourceTree = "<group>"; };
		42789D5E19843B5600003D42 /* addInstanceViewController.h */ = {isa = PBXFileReference; fileEncoding = 4; lastKnownFileType = sourcecode.c.h; path = addInstanceViewController.h; sourceTree = "<group>"; };
		42789D5F19843B5600003D42 /* addInstanceViewController.m */ = {isa = PBXFileReference; fileEncoding = 4; lastKnownFileType = sourcecode.c.objc; path = addInstanceViewController.m; sourceTree = "<group>"; };
		42789D6119844F0C00003D42 /* add@2x.png */ = {isa = PBXFileReference; lastKnownFileType = image.png; path = "add@2x.png"; sourceTree = "<group>"; };
		42789D631984522600003D42 /* Logo_Dashboard@2x.png */ = {isa = PBXFileReference; lastKnownFileType = image.png; path = "Logo_Dashboard@2x.png"; sourceTree = "<group>"; };
		42789D65198452A900003D42 /* infoIcon@2x.png */ = {isa = PBXFileReference; lastKnownFileType = image.png; path = "infoIcon@2x.png"; sourceTree = "<group>"; };
		42789D671984647200003D42 /* aboutViewController.h */ = {isa = PBXFileReference; fileEncoding = 4; lastKnownFileType = sourcecode.c.h; path = aboutViewController.h; sourceTree = "<group>"; };
		42789D681984647200003D42 /* aboutViewController.m */ = {isa = PBXFileReference; fileEncoding = 4; lastKnownFileType = sourcecode.c.objc; path = aboutViewController.m; sourceTree = "<group>"; };
		42789D6B1984681C00003D42 /* dashTableViewCell.h */ = {isa = PBXFileReference; fileEncoding = 4; lastKnownFileType = sourcecode.c.h; path = dashTableViewCell.h; sourceTree = "<group>"; };
		42789D6C1984681C00003D42 /* dashTableViewCell.m */ = {isa = PBXFileReference; fileEncoding = 4; lastKnownFileType = sourcecode.c.objc; path = dashTableViewCell.m; sourceTree = "<group>"; };
		42789D6E19848FD300003D42 /* searchHeader@2x.png */ = {isa = PBXFileReference; lastKnownFileType = image.png; path = "searchHeader@2x.png"; sourceTree = "<group>"; };
		42789D6F19848FD300003D42 /* searchIcon@2x.png */ = {isa = PBXFileReference; lastKnownFileType = image.png; path = "searchIcon@2x.png"; sourceTree = "<group>"; };
		42789D721985E13800003D42 /* icon_add@2x.png */ = {isa = PBXFileReference; lastKnownFileType = image.png; path = "icon_add@2x.png"; sourceTree = "<group>"; };
		42ABB200196E21AD0024C2A8 /* flows.app */ = {isa = PBXFileReference; explicitFileType = wrapper.application; includeInIndex = 0; path = flows.app; sourceTree = BUILT_PRODUCTS_DIR; };
		42ABB203196E21AD0024C2A8 /* Foundation.framework */ = {isa = PBXFileReference; lastKnownFileType = wrapper.framework; name = Foundation.framework; path = System/Library/Frameworks/Foundation.framework; sourceTree = SDKROOT; };
		42ABB205196E21AD0024C2A8 /* CoreGraphics.framework */ = {isa = PBXFileReference; lastKnownFileType = wrapper.framework; name = CoreGraphics.framework; path = System/Library/Frameworks/CoreGraphics.framework; sourceTree = SDKROOT; };
		42ABB207196E21AD0024C2A8 /* UIKit.framework */ = {isa = PBXFileReference; lastKnownFileType = wrapper.framework; name = UIKit.framework; path = System/Library/Frameworks/UIKit.framework; sourceTree = SDKROOT; };
		42ABB20B196E21AD0024C2A8 /* flows-Info.plist */ = {isa = PBXFileReference; lastKnownFileType = text.plist.xml; path = "flows-Info.plist"; sourceTree = "<group>"; };
		42ABB20D196E21AD0024C2A8 /* en */ = {isa = PBXFileReference; lastKnownFileType = text.plist.strings; name = en; path = en.lproj/InfoPlist.strings; sourceTree = "<group>"; };
		42ABB20F196E21AD0024C2A8 /* main.m */ = {isa = PBXFileReference; lastKnownFileType = sourcecode.c.objc; path = main.m; sourceTree = "<group>"; };
		42ABB211196E21AD0024C2A8 /* flows-Prefix.pch */ = {isa = PBXFileReference; lastKnownFileType = sourcecode.c.h; path = "flows-Prefix.pch"; sourceTree = "<group>"; };
		42ABB212196E21AD0024C2A8 /* AppDelegate.h */ = {isa = PBXFileReference; lastKnownFileType = sourcecode.c.h; path = AppDelegate.h; sourceTree = "<group>"; };
		42ABB213196E21AD0024C2A8 /* AppDelegate.m */ = {isa = PBXFileReference; lastKnownFileType = sourcecode.c.objc; path = AppDelegate.m; sourceTree = "<group>"; };
		42ABB216196E21AD0024C2A8 /* Base */ = {isa = PBXFileReference; lastKnownFileType = file.storyboard; name = Base; path = Base.lproj/Main_iPhone.storyboard; sourceTree = "<group>"; };
		42ABB21E196E21AD0024C2A8 /* Images.xcassets */ = {isa = PBXFileReference; lastKnownFileType = folder.assetcatalog; path = Images.xcassets; sourceTree = "<group>"; };
		42ABB224196E21AD0024C2A8 /* flowsTests.xctest */ = {isa = PBXFileReference; explicitFileType = wrapper.cfbundle; includeInIndex = 0; path = flowsTests.xctest; sourceTree = BUILT_PRODUCTS_DIR; };
		42ABB225196E21AD0024C2A8 /* XCTest.framework */ = {isa = PBXFileReference; lastKnownFileType = wrapper.framework; name = XCTest.framework; path = Library/Frameworks/XCTest.framework; sourceTree = DEVELOPER_DIR; };
		42ABB22D196E21AD0024C2A8 /* flowsTests-Info.plist */ = {isa = PBXFileReference; lastKnownFileType = text.plist.xml; path = "flowsTests-Info.plist"; sourceTree = "<group>"; };
		42ABB22F196E21AD0024C2A8 /* en */ = {isa = PBXFileReference; lastKnownFileType = text.plist.strings; name = en; path = en.lproj/InfoPlist.strings; sourceTree = "<group>"; };
		42ABB231196E21AD0024C2A8 /* flowsTests.m */ = {isa = PBXFileReference; lastKnownFileType = sourcecode.c.objc; path = flowsTests.m; sourceTree = "<group>"; };
		42EE67F919916AAB00934069 /* icon120@2x.png */ = {isa = PBXFileReference; lastKnownFileType = image.png; path = "icon120@2x.png"; sourceTree = "<group>"; };
		42EE67FB19916B2E00934069 /* icon58@2x.png */ = {isa = PBXFileReference; lastKnownFileType = image.png; path = "icon58@2x.png"; sourceTree = "<group>"; };
		42EE67FC19916B2E00934069 /* icon80@2x.png */ = {isa = PBXFileReference; lastKnownFileType = image.png; path = "icon80@2x.png"; sourceTree = "<group>"; };
		97819237F6064E03AE1E1FAD /* libPods.a */ = {isa = PBXFileReference; explicitFileType = archive.ar; includeInIndex = 0; path = libPods.a; sourceTree = BUILT_PRODUCTS_DIR; };
/* End PBXFileReference section */

/* Begin PBXFrameworksBuildPhase section */
		42ABB1FD196E21AD0024C2A8 /* Frameworks */ = {
			isa = PBXFrameworksBuildPhase;
			buildActionMask = 2147483647;
			files = (
				425512B819888AF2002D8E68 /* StoreKit.framework in Frameworks */,
				42ABB206196E21AD0024C2A8 /* CoreGraphics.framework in Frameworks */,
				42ABB208196E21AD0024C2A8 /* UIKit.framework in Frameworks */,
				42ABB204196E21AD0024C2A8 /* Foundation.framework in Frameworks */,
				61426D2D561146AEB0EDD64B /* libPods.a in Frameworks */,
			);
			runOnlyForDeploymentPostprocessing = 0;
		};
		42ABB221196E21AD0024C2A8 /* Frameworks */ = {
			isa = PBXFrameworksBuildPhase;
			buildActionMask = 2147483647;
			files = (
				42ABB226196E21AD0024C2A8 /* XCTest.framework in Frameworks */,
				42ABB228196E21AD0024C2A8 /* UIKit.framework in Frameworks */,
				42ABB227196E21AD0024C2A8 /* Foundation.framework in Frameworks */,
			);
			runOnlyForDeploymentPostprocessing = 0;
		};
/* End PBXFrameworksBuildPhase section */

/* Begin PBXGroup section */
		420EC9CD1996EFCF007A1BC0 /* BELine */ = {
			isa = PBXGroup;
			children = (
				420EC9CE1996EFCF007A1BC0 /* BEMAnimations.h */,
				420EC9CF1996EFCF007A1BC0 /* BEMAnimations.m */,
				420EC9D01996EFCF007A1BC0 /* BEMCircle.h */,
				420EC9D11996EFCF007A1BC0 /* BEMCircle.m */,
				420EC9D21996EFCF007A1BC0 /* BEMLine.h */,
				420EC9D31996EFCF007A1BC0 /* BEMLine.m */,
				420EC9D41996EFCF007A1BC0 /* BEMSimpleLineGraphView.h */,
				420EC9D51996EFCF007A1BC0 /* BEMSimpleLineGraphView.m */,
			);
			path = BELine;
			sourceTree = "<group>";
		};
		42789D1B19785A2C00003D42 /* imageAssets */ = {
			isa = PBXGroup;
			children = (
				42EE67FB19916B2E00934069 /* icon58@2x.png */,
				42EE67FC19916B2E00934069 /* icon80@2x.png */,
				42EE67F919916AAB00934069 /* icon120@2x.png */,
				42789D721985E13800003D42 /* icon_add@2x.png */,
				42789D6E19848FD300003D42 /* searchHeader@2x.png */,
				42789D6F19848FD300003D42 /* searchIcon@2x.png */,
				42789D65198452A900003D42 /* infoIcon@2x.png */,
				42789D631984522600003D42 /* Logo_Dashboard@2x.png */,
				42789D6119844F0C00003D42 /* add@2x.png */,
				42789D1C19785A2C00003D42 /* addRow@2x.png */,
				42789D1D19785A2C00003D42 /* bg@2x.png */,
				42789D1E19785A2C00003D42 /* default@2x.png */,
				42789D1F19785A2C00003D42 /* mainLogo@2x.png */,
			);
			path = imageAssets;
			sourceTree = "<group>";
		};
		42789D2419785D9F00003D42 /* customObjects */ = {
			isa = PBXGroup;
			children = (
				42789D2519785D9F00003D42 /* addRiverObject.h */,
				42789D2619785D9F00003D42 /* addRiverObject.m */,
				42789D2719785D9F00003D42 /* FLmainmodel.h */,
				42789D2819785D9F00003D42 /* FLmainmodel.m */,
				42789D2919785D9F00003D42 /* FLoutsideWrapper.h */,
				42789D2A19785D9F00003D42 /* FLoutsideWrapper.m */,
				42789D2B19785D9F00003D42 /* insideWrapper.h */,
				42789D2C19785D9F00003D42 /* insideWrapper.m */,
				42789D2D19785D9F00003D42 /* SourceInfoModel.h */,
				42789D2E19785D9F00003D42 /* SourceInfoModel.m */,
				42789D2F19785D9F00003D42 /* ValueDetail.h */,
				42789D3019785D9F00003D42 /* ValueDetail.m */,
				42789D3119785D9F00003D42 /* ValuesModel.h */,
				42789D3219785D9F00003D42 /* ValuesModel.m */,
				42789D3319785D9F00003D42 /* VariableModel.h */,
				42789D3419785D9F00003D42 /* VariableModel.m */,
				425512B919888B28002D8E68 /* IAPHelper.h */,
				425512BA19888B28002D8E68 /* IAPHelper.m */,
				425512BC19888D08002D8E68 /* flowsIAPHelper.h */,
				425512BD19888D08002D8E68 /* flowsIAPHelper.m */,
			);
			path = customObjects;
			sourceTree = "<group>";
		};
		42789D3519785D9F00003D42 /* customDataHandlers */ = {
			isa = PBXGroup;
			children = (
				42789D3619785D9F00003D42 /* FLminMaxFlows.h */,
				42789D3719785D9F00003D42 /* FLminMaxFlows.m */,
			);
			path = customDataHandlers;
			sourceTree = "<group>";
		};
		42789D5419843A7900003D42 /* viewControllers */ = {
			isa = PBXGroup;
			children = (
				42789D5519843AB800003D42 /* mySidePanelViewController.h */,
				42789D5619843AB800003D42 /* mySidePanelViewController.m */,
				42789D5819843B3300003D42 /* centerViewController.h */,
				42789D5919843B3300003D42 /* centerViewController.m */,
				42789D5B19843B4100003D42 /* resultViewController.h */,
				42789D5C19843B4100003D42 /* resultViewController.m */,
				42789D5E19843B5600003D42 /* addInstanceViewController.h */,
				42789D5F19843B5600003D42 /* addInstanceViewController.m */,
				42789D671984647200003D42 /* aboutViewController.h */,
				42789D681984647200003D42 /* aboutViewController.m */,
			);
			path = viewControllers;
			sourceTree = "<group>";
		};
		42789D6A1984681C00003D42 /* customRows */ = {
			isa = PBXGroup;
			children = (
				42789D6B1984681C00003D42 /* dashTableViewCell.h */,
				42789D6C1984681C00003D42 /* dashTableViewCell.m */,
			);
			path = customRows;
			sourceTree = "<group>";
		};
		42ABB1F7196E21AD0024C2A8 = {
			isa = PBXGroup;
			children = (
				42ABB209196E21AD0024C2A8 /* flows */,
				42ABB22B196E21AD0024C2A8 /* flowsTests */,
				42ABB202196E21AD0024C2A8 /* Frameworks */,
				42ABB201196E21AD0024C2A8 /* Products */,
				2D9C05AB8BA74F05B368CFBC /* Pods.xcconfig */,
			);
			sourceTree = "<group>";
		};
		42ABB201196E21AD0024C2A8 /* Products */ = {
			isa = PBXGroup;
			children = (
				42ABB200196E21AD0024C2A8 /* flows.app */,
				42ABB224196E21AD0024C2A8 /* flowsTests.xctest */,
			);
			name = Products;
			sourceTree = "<group>";
		};
		42ABB202196E21AD0024C2A8 /* Frameworks */ = {
			isa = PBXGroup;
			children = (
				425512B719888AF2002D8E68 /* StoreKit.framework */,
				42ABB203196E21AD0024C2A8 /* Foundation.framework */,
				42ABB205196E21AD0024C2A8 /* CoreGraphics.framework */,
				42ABB207196E21AD0024C2A8 /* UIKit.framework */,
				42ABB225196E21AD0024C2A8 /* XCTest.framework */,
				97819237F6064E03AE1E1FAD /* libPods.a */,
			);
			name = Frameworks;
			sourceTree = "<group>";
		};
		42ABB209196E21AD0024C2A8 /* flows */ = {
			isa = PBXGroup;
			children = (
				420EC9CD1996EFCF007A1BC0 /* BELine */,
				42789D6A1984681C00003D42 /* customRows */,
				42789D5419843A7900003D42 /* viewControllers */,
				42789D2419785D9F00003D42 /* customObjects */,
				42789D3519785D9F00003D42 /* customDataHandlers */,
				42789D1B19785A2C00003D42 /* imageAssets */,
				42ABB212196E21AD0024C2A8 /* AppDelegate.h */,
				42ABB213196E21AD0024C2A8 /* AppDelegate.m */,
				42ABB215196E21AD0024C2A8 /* Main_iPhone.storyboard */,
				42ABB21E196E21AD0024C2A8 /* Images.xcassets */,
				42ABB20A196E21AD0024C2A8 /* Supporting Files */,
			);
			path = flows;
			sourceTree = "<group>";
		};
		42ABB20A196E21AD0024C2A8 /* Supporting Files */ = {
			isa = PBXGroup;
			children = (
				42ABB20B196E21AD0024C2A8 /* flows-Info.plist */,
				42ABB20C196E21AD0024C2A8 /* InfoPlist.strings */,
				42ABB20F196E21AD0024C2A8 /* main.m */,
				42ABB211196E21AD0024C2A8 /* flows-Prefix.pch */,
			);
			name = "Supporting Files";
			sourceTree = "<group>";
		};
		42ABB22B196E21AD0024C2A8 /* flowsTests */ = {
			isa = PBXGroup;
			children = (
				42ABB231196E21AD0024C2A8 /* flowsTests.m */,
				42ABB22C196E21AD0024C2A8 /* Supporting Files */,
			);
			path = flowsTests;
			sourceTree = "<group>";
		};
		42ABB22C196E21AD0024C2A8 /* Supporting Files */ = {
			isa = PBXGroup;
			children = (
				42ABB22D196E21AD0024C2A8 /* flowsTests-Info.plist */,
				42ABB22E196E21AD0024C2A8 /* InfoPlist.strings */,
			);
			name = "Supporting Files";
			sourceTree = "<group>";
		};
/* End PBXGroup section */

/* Begin PBXNativeTarget section */
		42ABB1FF196E21AD0024C2A8 /* flows */ = {
			isa = PBXNativeTarget;
			buildConfigurationList = 42ABB235196E21AD0024C2A8 /* Build configuration list for PBXNativeTarget "flows" */;
			buildPhases = (
				9E8D84A8408E420DB6C0F12A /* Check Pods Manifest.lock */,
				42ABB1FC196E21AD0024C2A8 /* Sources */,
				42ABB1FD196E21AD0024C2A8 /* Frameworks */,
				42ABB1FE196E21AD0024C2A8 /* Resources */,
				CD33DD2D9F814F7CACA38F23 /* Copy Pods Resources */,
			);
			buildRules = (
			);
			dependencies = (
			);
			name = flows;
			productName = flows;
			productReference = 42ABB200196E21AD0024C2A8 /* flows.app */;
			productType = "com.apple.product-type.application";
		};
		42ABB223196E21AD0024C2A8 /* flowsTests */ = {
			isa = PBXNativeTarget;
			buildConfigurationList = 42ABB238196E21AD0024C2A8 /* Build configuration list for PBXNativeTarget "flowsTests" */;
			buildPhases = (
				42ABB220196E21AD0024C2A8 /* Sources */,
				42ABB221196E21AD0024C2A8 /* Frameworks */,
				42ABB222196E21AD0024C2A8 /* Resources */,
			);
			buildRules = (
			);
			dependencies = (
				42ABB22A196E21AD0024C2A8 /* PBXTargetDependency */,
			);
			name = flowsTests;
			productName = flowsTests;
			productReference = 42ABB224196E21AD0024C2A8 /* flowsTests.xctest */;
			productType = "com.apple.product-type.bundle.unit-test";
		};
/* End PBXNativeTarget section */

/* Begin PBXProject section */
		42ABB1F8196E21AD0024C2A8 /* Project object */ = {
			isa = PBXProject;
			attributes = {
				LastUpgradeCheck = 0510;
				ORGANIZATIONNAME = "Matt's in-house apps";
				TargetAttributes = {
					42ABB1FF196E21AD0024C2A8 = {
						DevelopmentTeam = 8AWZCL6BQ5;
					};
					42ABB223196E21AD0024C2A8 = {
						TestTargetID = 42ABB1FF196E21AD0024C2A8;
					};
				};
			};
			buildConfigurationList = 42ABB1FB196E21AD0024C2A8 /* Build configuration list for PBXProject "flows" */;
			compatibilityVersion = "Xcode 3.2";
			developmentRegion = English;
			hasScannedForEncodings = 0;
			knownRegions = (
				en,
				Base,
			);
			mainGroup = 42ABB1F7196E21AD0024C2A8;
			productRefGroup = 42ABB201196E21AD0024C2A8 /* Products */;
			projectDirPath = "";
			projectRoot = "";
			targets = (
				42ABB1FF196E21AD0024C2A8 /* flows */,
				42ABB223196E21AD0024C2A8 /* flowsTests */,
			);
		};
/* End PBXProject section */

/* Begin PBXResourcesBuildPhase section */
		42ABB1FE196E21AD0024C2A8 /* Resources */ = {
			isa = PBXResourcesBuildPhase;
			buildActionMask = 2147483647;
			files = (
				42789D6219844F0C00003D42 /* add@2x.png in Resources */,
				42789D2019785A2C00003D42 /* addRow@2x.png in Resources */,
				42789D7019848FD300003D42 /* searchHeader@2x.png in Resources */,
				42789D2319785A2C00003D42 /* mainLogo@2x.png in Resources */,
				42789D66198452A900003D42 /* infoIcon@2x.png in Resources */,
				42EE67FA19916AAB00934069 /* icon120@2x.png in Resources */,
				42EE67FD19916B2E00934069 /* icon58@2x.png in Resources */,
				42ABB21F196E21AD0024C2A8 /* Images.xcassets in Resources */,
				42789D2119785A2C00003D42 /* bg@2x.png in Resources */,
				42ABB217196E21AD0024C2A8 /* Main_iPhone.storyboard in Resources */,
				42ABB20E196E21AD0024C2A8 /* InfoPlist.strings in Resources */,
				42EE67FE19916B2E00934069 /* icon80@2x.png in Resources */,
				42789D7119848FD300003D42 /* searchIcon@2x.png in Resources */,
				42789D641984522600003D42 /* Logo_Dashboard@2x.png in Resources */,
				42789D2219785A2C00003D42 /* default@2x.png in Resources */,
				42789D731985E13800003D42 /* icon_add@2x.png in Resources */,
			);
			runOnlyForDeploymentPostprocessing = 0;
		};
		42ABB222196E21AD0024C2A8 /* Resources */ = {
			isa = PBXResourcesBuildPhase;
			buildActionMask = 2147483647;
			files = (
				42ABB230196E21AD0024C2A8 /* InfoPlist.strings in Resources */,
			);
			runOnlyForDeploymentPostprocessing = 0;
		};
/* End PBXResourcesBuildPhase section */

/* Begin PBXShellScriptBuildPhase section */
		9E8D84A8408E420DB6C0F12A /* Check Pods Manifest.lock */ = {
			isa = PBXShellScriptBuildPhase;
			buildActionMask = 2147483647;
			files = (
			);
			inputPaths = (
			);
			name = "Check Pods Manifest.lock";
			outputPaths = (
			);
			runOnlyForDeploymentPostprocessing = 0;
			shellPath = /bin/sh;
			shellScript = "diff \"${PODS_ROOT}/../Podfile.lock\" \"${PODS_ROOT}/Manifest.lock\" > /dev/null\nif [[ $? != 0 ]] ; then\n    cat << EOM\nerror: The sandbox is not in sync with the Podfile.lock. Run 'pod install' or update your CocoaPods installation.\nEOM\n    exit 1\nfi\n";
			showEnvVarsInLog = 0;
		};
		CD33DD2D9F814F7CACA38F23 /* Copy Pods Resources */ = {
			isa = PBXShellScriptBuildPhase;
			buildActionMask = 2147483647;
			files = (
			);
			inputPaths = (
			);
			name = "Copy Pods Resources";
			outputPaths = (
			);
			runOnlyForDeploymentPostprocessing = 0;
			shellPath = /bin/sh;
			shellScript = "\"${SRCROOT}/Pods/Pods-resources.sh\"\n";
			showEnvVarsInLog = 0;
		};
/* End PBXShellScriptBuildPhase section */

/* Begin PBXSourcesBuildPhase section */
		42ABB1FC196E21AD0024C2A8 /* Sources */ = {
			isa = PBXSourcesBuildPhase;
			buildActionMask = 2147483647;
			files = (
				420EC9D81996EFCF007A1BC0 /* BEMLine.m in Sources */,
				420EC9D91996EFCF007A1BC0 /* BEMSimpleLineGraphView.m in Sources */,
				42789D3919785D9F00003D42 /* FLmainmodel.m in Sources */,
				42789D3A19785D9F00003D42 /* FLoutsideWrapper.m in Sources */,
				42789D3C19785D9F00003D42 /* SourceInfoModel.m in Sources */,
				42789D3E19785D9F00003D42 /* ValuesModel.m in Sources */,
				42789D3D19785D9F00003D42 /* ValueDetail.m in Sources */,
				42789D6019843B5600003D42 /* addInstanceViewController.m in Sources */,
				42789D4019785D9F00003D42 /* FLminMaxFlows.m in Sources */,
				42789D3B19785D9F00003D42 /* insideWrapper.m in Sources */,
				420EC9D71996EFCF007A1BC0 /* BEMCircle.m in Sources */,
				42789D5D19843B4100003D42 /* resultViewController.m in Sources */,
				42ABB214196E21AD0024C2A8 /* AppDelegate.m in Sources */,
				42789D691984647200003D42 /* aboutViewController.m in Sources */,
				42789D5719843AB800003D42 /* mySidePanelViewController.m in Sources */,
				42789D3F19785D9F00003D42 /* VariableModel.m in Sources */,
				420EC9D61996EFCF007A1BC0 /* BEMAnimations.m in Sources */,
				42789D5A19843B3300003D42 /* centerViewController.m in Sources */,
				42ABB210196E21AD0024C2A8 /* main.m in Sources */,
				42789D6D1984681C00003D42 /* dashTableViewCell.m in Sources */,
				425512BB19888B28002D8E68 /* IAPHelper.m in Sources */,
				425512BE19888D08002D8E68 /* flowsIAPHelper.m in Sources */,
				42789D3819785D9F00003D42 /* addRiverObject.m in Sources */,
			);
			runOnlyForDeploymentPostprocessing = 0;
		};
		42ABB220196E21AD0024C2A8 /* Sources */ = {
			isa = PBXSourcesBuildPhase;
			buildActionMask = 2147483647;
			files = (
				42ABB232196E21AD0024C2A8 /* flowsTests.m in Sources */,
			);
			runOnlyForDeploymentPostprocessing = 0;
		};
/* End PBXSourcesBuildPhase section */

/* Begin PBXTargetDependency section */
		42ABB22A196E21AD0024C2A8 /* PBXTargetDependency */ = {
			isa = PBXTargetDependency;
			target = 42ABB1FF196E21AD0024C2A8 /* flows */;
			targetProxy = 42ABB229196E21AD0024C2A8 /* PBXContainerItemProxy */;
		};
/* End PBXTargetDependency section */

/* Begin PBXVariantGroup section */
		42ABB20C196E21AD0024C2A8 /* InfoPlist.strings */ = {
			isa = PBXVariantGroup;
			children = (
				42ABB20D196E21AD0024C2A8 /* en */,
			);
			name = InfoPlist.strings;
			sourceTree = "<group>";
		};
		42ABB215196E21AD0024C2A8 /* Main_iPhone.storyboard */ = {
			isa = PBXVariantGroup;
			children = (
				42ABB216196E21AD0024C2A8 /* Base */,
			);
			name = Main_iPhone.storyboard;
			sourceTree = "<group>";
		};
		42ABB22E196E21AD0024C2A8 /* InfoPlist.strings */ = {
			isa = PBXVariantGroup;
			children = (
				42ABB22F196E21AD0024C2A8 /* en */,
			);
			name = InfoPlist.strings;
			sourceTree = "<group>";
		};
/* End PBXVariantGroup section */

/* Begin XCBuildConfiguration section */
		42ABB233196E21AD0024C2A8 /* Debug */ = {
			isa = XCBuildConfiguration;
			buildSettings = {
				ALWAYS_SEARCH_USER_PATHS = NO;
				CLANG_CXX_LANGUAGE_STANDARD = "gnu++0x";
				CLANG_CXX_LIBRARY = "libc++";
				CLANG_ENABLE_MODULES = YES;
				CLANG_ENABLE_OBJC_ARC = YES;
				CLANG_WARN_BOOL_CONVERSION = YES;
				CLANG_WARN_CONSTANT_CONVERSION = YES;
				CLANG_WARN_DIRECT_OBJC_ISA_USAGE = YES_ERROR;
				CLANG_WARN_EMPTY_BODY = YES;
				CLANG_WARN_ENUM_CONVERSION = YES;
				CLANG_WARN_INT_CONVERSION = YES;
				CLANG_WARN_OBJC_ROOT_CLASS = YES_ERROR;
				CLANG_WARN__DUPLICATE_METHOD_MATCH = YES;
				"CODE_SIGN_IDENTITY[sdk=iphoneos*]" = "iPhone Developer";
				COPY_PHASE_STRIP = NO;
				GCC_C_LANGUAGE_STANDARD = gnu99;
				GCC_DYNAMIC_NO_PIC = NO;
				GCC_OPTIMIZATION_LEVEL = 0;
				GCC_PREPROCESSOR_DEFINITIONS = (
					"DEBUG=1",
					"$(inherited)",
				);
				GCC_SYMBOLS_PRIVATE_EXTERN = NO;
				GCC_WARN_64_TO_32_BIT_CONVERSION = YES;
				GCC_WARN_ABOUT_RETURN_TYPE = YES_ERROR;
				GCC_WARN_UNDECLARED_SELECTOR = YES;
				GCC_WARN_UNINITIALIZED_AUTOS = YES_AGGRESSIVE;
				GCC_WARN_UNUSED_FUNCTION = YES;
				GCC_WARN_UNUSED_VARIABLE = YES;
				IPHONEOS_DEPLOYMENT_TARGET = 7.1;
				ONLY_ACTIVE_ARCH = YES;
				SDKROOT = iphoneos;
				TARGETED_DEVICE_FAMILY = "1,2";
			};
			name = Debug;
		};
		42ABB234196E21AD0024C2A8 /* Release */ = {
			isa = XCBuildConfiguration;
			buildSettings = {
				ALWAYS_SEARCH_USER_PATHS = NO;
				CLANG_CXX_LANGUAGE_STANDARD = "gnu++0x";
				CLANG_CXX_LIBRARY = "libc++";
				CLANG_ENABLE_MODULES = YES;
				CLANG_ENABLE_OBJC_ARC = YES;
				CLANG_WARN_BOOL_CONVERSION = YES;
				CLANG_WARN_CONSTANT_CONVERSION = YES;
				CLANG_WARN_DIRECT_OBJC_ISA_USAGE = YES_ERROR;
				CLANG_WARN_EMPTY_BODY = YES;
				CLANG_WARN_ENUM_CONVERSION = YES;
				CLANG_WARN_INT_CONVERSION = YES;
				CLANG_WARN_OBJC_ROOT_CLASS = YES_ERROR;
				CLANG_WARN__DUPLICATE_METHOD_MATCH = YES;
				"CODE_SIGN_IDENTITY[sdk=iphoneos*]" = "iPhone Developer";
				COPY_PHASE_STRIP = YES;
				ENABLE_NS_ASSERTIONS = NO;
				GCC_C_LANGUAGE_STANDARD = gnu99;
				GCC_WARN_64_TO_32_BIT_CONVERSION = YES;
				GCC_WARN_ABOUT_RETURN_TYPE = YES_ERROR;
				GCC_WARN_UNDECLARED_SELECTOR = YES;
				GCC_WARN_UNINITIALIZED_AUTOS = YES_AGGRESSIVE;
				GCC_WARN_UNUSED_FUNCTION = YES;
				GCC_WARN_UNUSED_VARIABLE = YES;
				IPHONEOS_DEPLOYMENT_TARGET = 7.1;
				SDKROOT = iphoneos;
				TARGETED_DEVICE_FAMILY = "1,2";
				VALIDATE_PRODUCT = YES;
			};
			name = Release;
		};
		42ABB236196E21AD0024C2A8 /* Debug */ = {
			isa = XCBuildConfiguration;
			baseConfigurationReference = 2D9C05AB8BA74F05B368CFBC /* Pods.xcconfig */;
			buildSettings = {
				ASSETCATALOG_COMPILER_APPICON_NAME = AppIcon;
				ASSETCATALOG_COMPILER_LAUNCHIMAGE_NAME = LaunchImage;
				CODE_SIGN_IDENTITY = "iPhone Distribution";
				"CODE_SIGN_IDENTITY[sdk=iphoneos*]" = "iPhone Distribution";
				GCC_PRECOMPILE_PREFIX_HEADER = YES;
				GCC_PREFIX_HEADER = "flows/flows-Prefix.pch";
				INFOPLIST_FILE = "flows/flows-Info.plist";
				PRODUCT_NAME = "$(TARGET_NAME)";
				PROVISIONING_PROFILE = "";
				TARGETED_DEVICE_FAMILY = 1;
				WRAPPER_EXTENSION = app;
			};
			name = Debug;
		};
		42ABB237196E21AD0024C2A8 /* Release */ = {
			isa = XCBuildConfiguration;
			baseConfigurationReference = 2D9C05AB8BA74F05B368CFBC /* Pods.xcconfig */;
			buildSettings = {
				ASSETCATALOG_COMPILER_APPICON_NAME = AppIcon;
				ASSETCATALOG_COMPILER_LAUNCHIMAGE_NAME = LaunchImage;
				CODE_SIGN_IDENTITY = "iPhone Distribution";
				"CODE_SIGN_IDENTITY[sdk=iphoneos*]" = "iPhone Distribution";
				GCC_PRECOMPILE_PREFIX_HEADER = YES;
				GCC_PREFIX_HEADER = "flows/flows-Prefix.pch";
				INFOPLIST_FILE = "flows/flows-Info.plist";
				PRODUCT_NAME = "$(TARGET_NAME)";
				PROVISIONING_PROFILE = "";
				TARGETED_DEVICE_FAMILY = 1;
				WRAPPER_EXTENSION = app;
			};
			name = Release;
		};
		42ABB239196E21AD0024C2A8 /* Debug */ = {
			isa = XCBuildConfiguration;
			buildSettings = {
				BUNDLE_LOADER = "$(BUILT_PRODUCTS_DIR)/flows.app/flows";
				FRAMEWORK_SEARCH_PATHS = (
					"$(SDKROOT)/Developer/Library/Frameworks",
					"$(inherited)",
					"$(DEVELOPER_FRAMEWORKS_DIR)",
				);
				GCC_PRECOMPILE_PREFIX_HEADER = YES;
				GCC_PREFIX_HEADER = "flows/flows-Prefix.pch";
				GCC_PREPROCESSOR_DEFINITIONS = (
					"DEBUG=1",
					"$(inherited)",
				);
				INFOPLIST_FILE = "flowsTests/flowsTests-Info.plist";
				PRODUCT_NAME = "$(TARGET_NAME)";
				TEST_HOST = "$(BUNDLE_LOADER)";
				WRAPPER_EXTENSION = xctest;
			};
			name = Debug;
		};
		42ABB23A196E21AD0024C2A8 /* Release */ = {
			isa = XCBuildConfiguration;
			buildSettings = {
				BUNDLE_LOADER = "$(BUILT_PRODUCTS_DIR)/flows.app/flows";
				FRAMEWORK_SEARCH_PATHS = (
					"$(SDKROOT)/Developer/Library/Frameworks",
					"$(inherited)",
					"$(DEVELOPER_FRAMEWORKS_DIR)",
				);
				GCC_PRECOMPILE_PREFIX_HEADER = YES;
				GCC_PREFIX_HEADER = "flows/flows-Prefix.pch";
				INFOPLIST_FILE = "flowsTests/flowsTests-Info.plist";
				PRODUCT_NAME = "$(TARGET_NAME)";
				TEST_HOST = "$(BUNDLE_LOADER)";
				WRAPPER_EXTENSION = xctest;
			};
			name = Release;
		};
/* End XCBuildConfiguration section */

/* Begin XCConfigurationList section */
		42ABB1FB196E21AD0024C2A8 /* Build configuration list for PBXProject "flows" */ = {
			isa = XCConfigurationList;
			buildConfigurations = (
				42ABB233196E21AD0024C2A8 /* Debug */,
				42ABB234196E21AD0024C2A8 /* Release */,
			);
			defaultConfigurationIsVisible = 0;
			defaultConfigurationName = Release;
		};
		42ABB235196E21AD0024C2A8 /* Build configuration list for PBXNativeTarget "flows" */ = {
			isa = XCConfigurationList;
			buildConfigurations = (
				42ABB236196E21AD0024C2A8 /* Debug */,
				42ABB237196E21AD0024C2A8 /* Release */,
			);
			defaultConfigurationIsVisible = 0;
			defaultConfigurationName = Release;
		};
		42ABB238196E21AD0024C2A8 /* Build configuration list for PBXNativeTarget "flowsTests" */ = {
			isa = XCConfigurationList;
			buildConfigurations = (
				42ABB239196E21AD0024C2A8 /* Debug */,
				42ABB23A196E21AD0024C2A8 /* Release */,
			);
			defaultConfigurationIsVisible = 0;
			defaultConfigurationName = Release;
		};
/* End XCConfigurationList section */
	};
	rootObject = 42ABB1F8196E21AD0024C2A8 /* Project object */;
}
