<?xml version="1.0" encoding="UTF-8"?>
<!DOCTYPE plist PUBLIC "-//Apple//DTD PLIST 1.0//EN" "http://www.apple.com/DTDs/PropertyList-1.0.dtd">
<plist version="1.0">
<dict>
	<key>archiveVersion</key>
	<string>1</string>
	<key>classes</key>
	<dict/>
	<key>objectVersion</key>
	<string>46</string>
	<key>objects</key>
	<dict>
		<key>2D9C05AB8BA74F05B368CFBC</key>
		<dict>
			<key>includeInIndex</key>
			<string>1</string>
			<key>isa</key>
			<string>PBXFileReference</string>
			<key>lastKnownFileType</key>
			<string>text.xcconfig</string>
			<key>name</key>
			<string>Pods.xcconfig</string>
			<key>path</key>
			<string>Pods/Pods.xcconfig</string>
			<key>sourceTree</key>
			<string>&lt;group&gt;</string>
		</dict>
		<key>42789D1B19785A2C00003D42</key>
		<dict>
			<key>children</key>
			<array>
				<string>42789D1C19785A2C00003D42</string>
				<string>42789D1D19785A2C00003D42</string>
				<string>42789D1E19785A2C00003D42</string>
				<string>42789D1F19785A2C00003D42</string>
			</array>
			<key>isa</key>
			<string>PBXGroup</string>
			<key>path</key>
			<string>imageAssets</string>
			<key>sourceTree</key>
			<string>&lt;group&gt;</string>
		</dict>
		<key>42789D1C19785A2C00003D42</key>
		<dict>
			<key>isa</key>
			<string>PBXFileReference</string>
			<key>lastKnownFileType</key>
			<string>image.png</string>
			<key>path</key>
			<string>addRow@2x.png</string>
			<key>sourceTree</key>
			<string>&lt;group&gt;</string>
		</dict>
		<key>42789D1D19785A2C00003D42</key>
		<dict>
			<key>isa</key>
			<string>PBXFileReference</string>
			<key>lastKnownFileType</key>
			<string>image.png</string>
			<key>path</key>
			<string>bg@2x.png</string>
			<key>sourceTree</key>
			<string>&lt;group&gt;</string>
		</dict>
		<key>42789D1E19785A2C00003D42</key>
		<dict>
			<key>isa</key>
			<string>PBXFileReference</string>
			<key>lastKnownFileType</key>
			<string>image.png</string>
			<key>path</key>
			<string>default@2x.png</string>
			<key>sourceTree</key>
			<string>&lt;group&gt;</string>
		</dict>
		<key>42789D1F19785A2C00003D42</key>
		<dict>
			<key>isa</key>
			<string>PBXFileReference</string>
			<key>lastKnownFileType</key>
			<string>image.png</string>
			<key>path</key>
			<string>mainLogo@2x.png</string>
			<key>sourceTree</key>
			<string>&lt;group&gt;</string>
		</dict>
		<key>42789D2019785A2C00003D42</key>
		<dict>
			<key>fileRef</key>
			<string>42789D1C19785A2C00003D42</string>
			<key>isa</key>
			<string>PBXBuildFile</string>
		</dict>
		<key>42789D2119785A2C00003D42</key>
		<dict>
			<key>fileRef</key>
			<string>42789D1D19785A2C00003D42</string>
			<key>isa</key>
			<string>PBXBuildFile</string>
		</dict>
		<key>42789D2219785A2C00003D42</key>
		<dict>
			<key>fileRef</key>
			<string>42789D1E19785A2C00003D42</string>
			<key>isa</key>
			<string>PBXBuildFile</string>
		</dict>
		<key>42789D2319785A2C00003D42</key>
		<dict>
			<key>fileRef</key>
			<string>42789D1F19785A2C00003D42</string>
			<key>isa</key>
			<string>PBXBuildFile</string>
		</dict>
		<key>42789D2419785D9F00003D42</key>
		<dict>
			<key>children</key>
			<array>
				<string>42789D2519785D9F00003D42</string>
				<string>42789D2619785D9F00003D42</string>
				<string>42789D2719785D9F00003D42</string>
				<string>42789D2819785D9F00003D42</string>
				<string>42789D2919785D9F00003D42</string>
				<string>42789D2A19785D9F00003D42</string>
				<string>42789D2B19785D9F00003D42</string>
				<string>42789D2C19785D9F00003D42</string>
				<string>42789D2D19785D9F00003D42</string>
				<string>42789D2E19785D9F00003D42</string>
				<string>42789D2F19785D9F00003D42</string>
				<string>42789D3019785D9F00003D42</string>
				<string>42789D3119785D9F00003D42</string>
				<string>42789D3219785D9F00003D42</string>
				<string>42789D3319785D9F00003D42</string>
				<string>42789D3419785D9F00003D42</string>
			</array>
			<key>isa</key>
			<string>PBXGroup</string>
			<key>path</key>
			<string>customObjects</string>
			<key>sourceTree</key>
			<string>&lt;group&gt;</string>
		</dict>
		<key>42789D2519785D9F00003D42</key>
		<dict>
			<key>fileEncoding</key>
			<string>4</string>
			<key>isa</key>
			<string>PBXFileReference</string>
			<key>lastKnownFileType</key>
			<string>sourcecode.c.h</string>
			<key>path</key>
			<string>addRiverObject.h</string>
			<key>sourceTree</key>
			<string>&lt;group&gt;</string>
		</dict>
		<key>42789D2619785D9F00003D42</key>
		<dict>
			<key>fileEncoding</key>
			<string>4</string>
			<key>isa</key>
			<string>PBXFileReference</string>
			<key>lastKnownFileType</key>
			<string>sourcecode.c.objc</string>
			<key>path</key>
			<string>addRiverObject.m</string>
			<key>sourceTree</key>
			<string>&lt;group&gt;</string>
		</dict>
		<key>42789D2719785D9F00003D42</key>
		<dict>
			<key>fileEncoding</key>
			<string>4</string>
			<key>isa</key>
			<string>PBXFileReference</string>
			<key>lastKnownFileType</key>
			<string>sourcecode.c.h</string>
			<key>path</key>
			<string>FLmainmodel.h</string>
			<key>sourceTree</key>
			<string>&lt;group&gt;</string>
		</dict>
		<key>42789D2819785D9F00003D42</key>
		<dict>
			<key>fileEncoding</key>
			<string>4</string>
			<key>isa</key>
			<string>PBXFileReference</string>
			<key>lastKnownFileType</key>
			<string>sourcecode.c.objc</string>
			<key>path</key>
			<string>FLmainmodel.m</string>
			<key>sourceTree</key>
			<string>&lt;group&gt;</string>
		</dict>
		<key>42789D2919785D9F00003D42</key>
		<dict>
			<key>fileEncoding</key>
			<string>4</string>
			<key>isa</key>
			<string>PBXFileReference</string>
			<key>lastKnownFileType</key>
			<string>sourcecode.c.h</string>
			<key>path</key>
			<string>FLoutsideWrapper.h</string>
			<key>sourceTree</key>
			<string>&lt;group&gt;</string>
		</dict>
		<key>42789D2A19785D9F00003D42</key>
		<dict>
			<key>fileEncoding</key>
			<string>4</string>
			<key>isa</key>
			<string>PBXFileReference</string>
			<key>lastKnownFileType</key>
			<string>sourcecode.c.objc</string>
			<key>path</key>
			<string>FLoutsideWrapper.m</string>
			<key>sourceTree</key>
			<string>&lt;group&gt;</string>
		</dict>
		<key>42789D2B19785D9F00003D42</key>
		<dict>
			<key>fileEncoding</key>
			<string>4</string>
			<key>isa</key>
			<string>PBXFileReference</string>
			<key>lastKnownFileType</key>
			<string>sourcecode.c.h</string>
			<key>path</key>
			<string>insideWrapper.h</string>
			<key>sourceTree</key>
			<string>&lt;group&gt;</string>
		</dict>
		<key>42789D2C19785D9F00003D42</key>
		<dict>
			<key>fileEncoding</key>
			<string>4</string>
			<key>isa</key>
			<string>PBXFileReference</string>
			<key>lastKnownFileType</key>
			<string>sourcecode.c.objc</string>
			<key>path</key>
			<string>insideWrapper.m</string>
			<key>sourceTree</key>
			<string>&lt;group&gt;</string>
		</dict>
		<key>42789D2D19785D9F00003D42</key>
		<dict>
			<key>fileEncoding</key>
			<string>4</string>
			<key>isa</key>
			<string>PBXFileReference</string>
			<key>lastKnownFileType</key>
			<string>sourcecode.c.h</string>
			<key>path</key>
			<string>SourceInfoModel.h</string>
			<key>sourceTree</key>
			<string>&lt;group&gt;</string>
		</dict>
		<key>42789D2E19785D9F00003D42</key>
		<dict>
			<key>fileEncoding</key>
			<string>4</string>
			<key>isa</key>
			<string>PBXFileReference</string>
			<key>lastKnownFileType</key>
			<string>sourcecode.c.objc</string>
			<key>path</key>
			<string>SourceInfoModel.m</string>
			<key>sourceTree</key>
			<string>&lt;group&gt;</string>
		</dict>
		<key>42789D2F19785D9F00003D42</key>
		<dict>
			<key>fileEncoding</key>
			<string>4</string>
			<key>isa</key>
			<string>PBXFileReference</string>
			<key>lastKnownFileType</key>
			<string>sourcecode.c.h</string>
			<key>path</key>
			<string>ValueDetail.h</string>
			<key>sourceTree</key>
			<string>&lt;group&gt;</string>
		</dict>
		<key>42789D3019785D9F00003D42</key>
		<dict>
			<key>fileEncoding</key>
			<string>4</string>
			<key>isa</key>
			<string>PBXFileReference</string>
			<key>lastKnownFileType</key>
			<string>sourcecode.c.objc</string>
			<key>path</key>
			<string>ValueDetail.m</string>
			<key>sourceTree</key>
			<string>&lt;group&gt;</string>
		</dict>
		<key>42789D3119785D9F00003D42</key>
		<dict>
			<key>fileEncoding</key>
			<string>4</string>
			<key>isa</key>
			<string>PBXFileReference</string>
			<key>lastKnownFileType</key>
			<string>sourcecode.c.h</string>
			<key>path</key>
			<string>ValuesModel.h</string>
			<key>sourceTree</key>
			<string>&lt;group&gt;</string>
		</dict>
		<key>42789D3219785D9F00003D42</key>
		<dict>
			<key>fileEncoding</key>
			<string>4</string>
			<key>isa</key>
			<string>PBXFileReference</string>
			<key>lastKnownFileType</key>
			<string>sourcecode.c.objc</string>
			<key>path</key>
			<string>ValuesModel.m</string>
			<key>sourceTree</key>
			<string>&lt;group&gt;</string>
		</dict>
		<key>42789D3319785D9F00003D42</key>
		<dict>
			<key>fileEncoding</key>
			<string>4</string>
			<key>isa</key>
			<string>PBXFileReference</string>
			<key>lastKnownFileType</key>
			<string>sourcecode.c.h</string>
			<key>path</key>
			<string>VariableModel.h</string>
			<key>sourceTree</key>
			<string>&lt;group&gt;</string>
		</dict>
		<key>42789D3419785D9F00003D42</key>
		<dict>
			<key>fileEncoding</key>
			<string>4</string>
			<key>isa</key>
			<string>PBXFileReference</string>
			<key>lastKnownFileType</key>
			<string>sourcecode.c.objc</string>
			<key>path</key>
			<string>VariableModel.m</string>
			<key>sourceTree</key>
			<string>&lt;group&gt;</string>
		</dict>
		<key>42789D3519785D9F00003D42</key>
		<dict>
			<key>children</key>
			<array>
				<string>42789D3619785D9F00003D42</string>
				<string>42789D3719785D9F00003D42</string>
			</array>
			<key>isa</key>
			<string>PBXGroup</string>
			<key>path</key>
			<string>customDataHandlers</string>
			<key>sourceTree</key>
			<string>&lt;group&gt;</string>
		</dict>
		<key>42789D3619785D9F00003D42</key>
		<dict>
			<key>fileEncoding</key>
			<string>4</string>
			<key>isa</key>
			<string>PBXFileReference</string>
			<key>lastKnownFileType</key>
			<string>sourcecode.c.h</string>
			<key>path</key>
			<string>FLminMaxFlows.h</string>
			<key>sourceTree</key>
			<string>&lt;group&gt;</string>
		</dict>
		<key>42789D3719785D9F00003D42</key>
		<dict>
			<key>fileEncoding</key>
			<string>4</string>
			<key>isa</key>
			<string>PBXFileReference</string>
			<key>lastKnownFileType</key>
			<string>sourcecode.c.objc</string>
			<key>path</key>
			<string>FLminMaxFlows.m</string>
			<key>sourceTree</key>
			<string>&lt;group&gt;</string>
		</dict>
		<key>42789D3819785D9F00003D42</key>
		<dict>
			<key>fileRef</key>
			<string>42789D2619785D9F00003D42</string>
			<key>isa</key>
			<string>PBXBuildFile</string>
		</dict>
		<key>42789D3919785D9F00003D42</key>
		<dict>
			<key>fileRef</key>
			<string>42789D2819785D9F00003D42</string>
			<key>isa</key>
			<string>PBXBuildFile</string>
		</dict>
		<key>42789D3A19785D9F00003D42</key>
		<dict>
			<key>fileRef</key>
			<string>42789D2A19785D9F00003D42</string>
			<key>isa</key>
			<string>PBXBuildFile</string>
		</dict>
		<key>42789D3B19785D9F00003D42</key>
		<dict>
			<key>fileRef</key>
			<string>42789D2C19785D9F00003D42</string>
			<key>isa</key>
			<string>PBXBuildFile</string>
		</dict>
		<key>42789D3C19785D9F00003D42</key>
		<dict>
			<key>fileRef</key>
			<string>42789D2E19785D9F00003D42</string>
			<key>isa</key>
			<string>PBXBuildFile</string>
		</dict>
		<key>42789D3D19785D9F00003D42</key>
		<dict>
			<key>fileRef</key>
			<string>42789D3019785D9F00003D42</string>
			<key>isa</key>
			<string>PBXBuildFile</string>
		</dict>
		<key>42789D3E19785D9F00003D42</key>
		<dict>
			<key>fileRef</key>
			<string>42789D3219785D9F00003D42</string>
			<key>isa</key>
			<string>PBXBuildFile</string>
		</dict>
		<key>42789D3F19785D9F00003D42</key>
		<dict>
			<key>fileRef</key>
			<string>42789D3419785D9F00003D42</string>
			<key>isa</key>
			<string>PBXBuildFile</string>
		</dict>
		<key>42789D4019785D9F00003D42</key>
		<dict>
			<key>fileRef</key>
			<string>42789D3719785D9F00003D42</string>
			<key>isa</key>
			<string>PBXBuildFile</string>
		</dict>
		<key>42ABB1F7196E21AD0024C2A8</key>
		<dict>
			<key>children</key>
			<array>
				<string>42ABB209196E21AD0024C2A8</string>
				<string>42ABB22B196E21AD0024C2A8</string>
				<string>42ABB202196E21AD0024C2A8</string>
				<string>42ABB201196E21AD0024C2A8</string>
				<string>2D9C05AB8BA74F05B368CFBC</string>
			</array>
			<key>isa</key>
			<string>PBXGroup</string>
			<key>sourceTree</key>
			<string>&lt;group&gt;</string>
		</dict>
		<key>42ABB1F8196E21AD0024C2A8</key>
		<dict>
			<key>attributes</key>
			<dict>
				<key>LastUpgradeCheck</key>
				<string>0510</string>
				<key>ORGANIZATIONNAME</key>
				<string>Matt's in-house apps</string>
				<key>TargetAttributes</key>
				<dict>
					<key>42ABB223196E21AD0024C2A8</key>
					<dict>
						<key>TestTargetID</key>
						<string>42ABB1FF196E21AD0024C2A8</string>
					</dict>
				</dict>
			</dict>
			<key>buildConfigurationList</key>
			<string>42ABB1FB196E21AD0024C2A8</string>
			<key>compatibilityVersion</key>
			<string>Xcode 3.2</string>
			<key>developmentRegion</key>
			<string>English</string>
			<key>hasScannedForEncodings</key>
			<string>0</string>
			<key>isa</key>
			<string>PBXProject</string>
			<key>knownRegions</key>
			<array>
				<string>en</string>
				<string>Base</string>
			</array>
			<key>mainGroup</key>
			<string>42ABB1F7196E21AD0024C2A8</string>
			<key>productRefGroup</key>
			<string>42ABB201196E21AD0024C2A8</string>
			<key>projectDirPath</key>
			<string></string>
			<key>projectReferences</key>
			<array/>
			<key>projectRoot</key>
			<string></string>
			<key>targets</key>
			<array>
				<string>42ABB1FF196E21AD0024C2A8</string>
				<string>42ABB223196E21AD0024C2A8</string>
			</array>
		</dict>
		<key>42ABB1FB196E21AD0024C2A8</key>
		<dict>
			<key>buildConfigurations</key>
			<array>
				<string>42ABB233196E21AD0024C2A8</string>
				<string>42ABB234196E21AD0024C2A8</string>
			</array>
			<key>defaultConfigurationIsVisible</key>
			<string>0</string>
			<key>defaultConfigurationName</key>
			<string>Release</string>
			<key>isa</key>
			<string>XCConfigurationList</string>
		</dict>
		<key>42ABB1FC196E21AD0024C2A8</key>
		<dict>
			<key>buildActionMask</key>
			<string>2147483647</string>
			<key>files</key>
			<array>
				<string>42789D3919785D9F00003D42</string>
				<string>42789D3A19785D9F00003D42</string>
				<string>42789D3C19785D9F00003D42</string>
				<string>42789D3E19785D9F00003D42</string>
				<string>42789D3D19785D9F00003D42</string>
				<string>42789D4019785D9F00003D42</string>
				<string>42ABB21D196E21AD0024C2A8</string>
				<string>42789D3B19785D9F00003D42</string>
				<string>42ABB214196E21AD0024C2A8</string>
				<string>42789D3F19785D9F00003D42</string>
				<string>42ABB210196E21AD0024C2A8</string>
				<string>42789D3819785D9F00003D42</string>
			</array>
			<key>isa</key>
			<string>PBXSourcesBuildPhase</string>
			<key>runOnlyForDeploymentPostprocessing</key>
			<string>0</string>
		</dict>
		<key>42ABB1FD196E21AD0024C2A8</key>
		<dict>
			<key>buildActionMask</key>
			<string>2147483647</string>
			<key>files</key>
			<array>
				<string>42ABB206196E21AD0024C2A8</string>
				<string>42ABB208196E21AD0024C2A8</string>
				<string>42ABB204196E21AD0024C2A8</string>
				<string>61426D2D561146AEB0EDD64B</string>
			</array>
			<key>isa</key>
			<string>PBXFrameworksBuildPhase</string>
			<key>runOnlyForDeploymentPostprocessing</key>
			<string>0</string>
		</dict>
		<key>42ABB1FE196E21AD0024C2A8</key>
		<dict>
			<key>buildActionMask</key>
			<string>2147483647</string>
			<key>files</key>
			<array>
				<string>42789D2019785A2C00003D42</string>
				<string>42789D2319785A2C00003D42</string>
				<string>42ABB21F196E21AD0024C2A8</string>
				<string>42789D2119785A2C00003D42</string>
				<string>42ABB217196E21AD0024C2A8</string>
				<string>42ABB20E196E21AD0024C2A8</string>
				<string>42789D2219785A2C00003D42</string>
			</array>
			<key>isa</key>
			<string>PBXResourcesBuildPhase</string>
			<key>runOnlyForDeploymentPostprocessing</key>
			<string>0</string>
		</dict>
		<key>42ABB1FF196E21AD0024C2A8</key>
		<dict>
			<key>buildConfigurationList</key>
			<string>42ABB235196E21AD0024C2A8</string>
			<key>buildPhases</key>
			<array>
				<string>9E8D84A8408E420DB6C0F12A</string>
				<string>42ABB1FC196E21AD0024C2A8</string>
				<string>42ABB1FD196E21AD0024C2A8</string>
				<string>42ABB1FE196E21AD0024C2A8</string>
				<string>CD33DD2D9F814F7CACA38F23</string>
			</array>
			<key>buildRules</key>
			<array/>
			<key>dependencies</key>
			<array/>
			<key>isa</key>
			<string>PBXNativeTarget</string>
			<key>name</key>
			<string>flows</string>
			<key>productName</key>
			<string>flows</string>
			<key>productReference</key>
			<string>42ABB200196E21AD0024C2A8</string>
			<key>productType</key>
			<string>com.apple.product-type.application</string>
		</dict>
		<key>42ABB200196E21AD0024C2A8</key>
		<dict>
			<key>explicitFileType</key>
			<string>wrapper.application</string>
			<key>includeInIndex</key>
			<string>0</string>
			<key>isa</key>
			<string>PBXFileReference</string>
			<key>path</key>
			<string>flows.app</string>
			<key>sourceTree</key>
			<string>BUILT_PRODUCTS_DIR</string>
		</dict>
		<key>42ABB201196E21AD0024C2A8</key>
		<dict>
			<key>children</key>
			<array>
				<string>42ABB200196E21AD0024C2A8</string>
				<string>42ABB224196E21AD0024C2A8</string>
			</array>
			<key>isa</key>
			<string>PBXGroup</string>
			<key>name</key>
			<string>Products</string>
			<key>sourceTree</key>
			<string>&lt;group&gt;</string>
		</dict>
		<key>42ABB202196E21AD0024C2A8</key>
		<dict>
			<key>children</key>
			<array>
				<string>42ABB203196E21AD0024C2A8</string>
				<string>42ABB205196E21AD0024C2A8</string>
				<string>42ABB207196E21AD0024C2A8</string>
				<string>42ABB225196E21AD0024C2A8</string>
				<string>97819237F6064E03AE1E1FAD</string>
			</array>
			<key>isa</key>
			<string>PBXGroup</string>
			<key>name</key>
			<string>Frameworks</string>
			<key>sourceTree</key>
			<string>&lt;group&gt;</string>
		</dict>
		<key>42ABB203196E21AD0024C2A8</key>
		<dict>
			<key>isa</key>
			<string>PBXFileReference</string>
			<key>lastKnownFileType</key>
			<string>wrapper.framework</string>
			<key>name</key>
			<string>Foundation.framework</string>
			<key>path</key>
			<string>System/Library/Frameworks/Foundation.framework</string>
			<key>sourceTree</key>
			<string>SDKROOT</string>
		</dict>
		<key>42ABB204196E21AD0024C2A8</key>
		<dict>
			<key>fileRef</key>
			<string>42ABB203196E21AD0024C2A8</string>
			<key>isa</key>
			<string>PBXBuildFile</string>
		</dict>
		<key>42ABB205196E21AD0024C2A8</key>
		<dict>
			<key>isa</key>
			<string>PBXFileReference</string>
			<key>lastKnownFileType</key>
			<string>wrapper.framework</string>
			<key>name</key>
			<string>CoreGraphics.framework</string>
			<key>path</key>
			<string>System/Library/Frameworks/CoreGraphics.framework</string>
			<key>sourceTree</key>
			<string>SDKROOT</string>
		</dict>
		<key>42ABB206196E21AD0024C2A8</key>
		<dict>
			<key>fileRef</key>
			<string>42ABB205196E21AD0024C2A8</string>
			<key>isa</key>
			<string>PBXBuildFile</string>
		</dict>
		<key>42ABB207196E21AD0024C2A8</key>
		<dict>
			<key>isa</key>
			<string>PBXFileReference</string>
			<key>lastKnownFileType</key>
			<string>wrapper.framework</string>
			<key>name</key>
			<string>UIKit.framework</string>
			<key>path</key>
			<string>System/Library/Frameworks/UIKit.framework</string>
			<key>sourceTree</key>
			<string>SDKROOT</string>
		</dict>
		<key>42ABB208196E21AD0024C2A8</key>
		<dict>
			<key>fileRef</key>
			<string>42ABB207196E21AD0024C2A8</string>
			<key>isa</key>
			<string>PBXBuildFile</string>
		</dict>
		<key>42ABB209196E21AD0024C2A8</key>
		<dict>
			<key>children</key>
			<array>
				<string>42789D2419785D9F00003D42</string>
				<string>42789D3519785D9F00003D42</string>
				<string>42789D1B19785A2C00003D42</string>
				<string>42ABB212196E21AD0024C2A8</string>
				<string>42ABB213196E21AD0024C2A8</string>
				<string>42ABB215196E21AD0024C2A8</string>
				<string>42ABB21B196E21AD0024C2A8</string>
				<string>42ABB21C196E21AD0024C2A8</string>
				<string>42ABB21E196E21AD0024C2A8</string>
				<string>42ABB20A196E21AD0024C2A8</string>
			</array>
			<key>isa</key>
			<string>PBXGroup</string>
			<key>path</key>
			<string>flows</string>
			<key>sourceTree</key>
			<string>&lt;group&gt;</string>
		</dict>
		<key>42ABB20A196E21AD0024C2A8</key>
		<dict>
			<key>children</key>
			<array>
				<string>42ABB20B196E21AD0024C2A8</string>
				<string>42ABB20C196E21AD0024C2A8</string>
				<string>42ABB20F196E21AD0024C2A8</string>
				<string>42ABB211196E21AD0024C2A8</string>
			</array>
			<key>isa</key>
			<string>PBXGroup</string>
			<key>name</key>
			<string>Supporting Files</string>
			<key>sourceTree</key>
			<string>&lt;group&gt;</string>
		</dict>
		<key>42ABB20B196E21AD0024C2A8</key>
		<dict>
			<key>isa</key>
			<string>PBXFileReference</string>
			<key>lastKnownFileType</key>
			<string>text.plist.xml</string>
			<key>path</key>
			<string>flows-Info.plist</string>
			<key>sourceTree</key>
			<string>&lt;group&gt;</string>
		</dict>
		<key>42ABB20C196E21AD0024C2A8</key>
		<dict>
			<key>children</key>
			<array>
				<string>42ABB20D196E21AD0024C2A8</string>
			</array>
			<key>isa</key>
			<string>PBXVariantGroup</string>
			<key>name</key>
			<string>InfoPlist.strings</string>
			<key>sourceTree</key>
			<string>&lt;group&gt;</string>
		</dict>
		<key>42ABB20D196E21AD0024C2A8</key>
		<dict>
			<key>isa</key>
			<string>PBXFileReference</string>
			<key>lastKnownFileType</key>
			<string>text.plist.strings</string>
			<key>name</key>
			<string>en</string>
			<key>path</key>
			<string>en.lproj/InfoPlist.strings</string>
			<key>sourceTree</key>
			<string>&lt;group&gt;</string>
		</dict>
		<key>42ABB20E196E21AD0024C2A8</key>
		<dict>
			<key>fileRef</key>
			<string>42ABB20C196E21AD0024C2A8</string>
			<key>isa</key>
			<string>PBXBuildFile</string>
		</dict>
		<key>42ABB20F196E21AD0024C2A8</key>
		<dict>
			<key>isa</key>
			<string>PBXFileReference</string>
			<key>lastKnownFileType</key>
			<string>sourcecode.c.objc</string>
			<key>path</key>
			<string>main.m</string>
			<key>sourceTree</key>
			<string>&lt;group&gt;</string>
		</dict>
		<key>42ABB210196E21AD0024C2A8</key>
		<dict>
			<key>fileRef</key>
			<string>42ABB20F196E21AD0024C2A8</string>
			<key>isa</key>
			<string>PBXBuildFile</string>
		</dict>
		<key>42ABB211196E21AD0024C2A8</key>
		<dict>
			<key>isa</key>
			<string>PBXFileReference</string>
			<key>lastKnownFileType</key>
			<string>sourcecode.c.h</string>
			<key>path</key>
			<string>flows-Prefix.pch</string>
			<key>sourceTree</key>
			<string>&lt;group&gt;</string>
		</dict>
		<key>42ABB212196E21AD0024C2A8</key>
		<dict>
			<key>isa</key>
			<string>PBXFileReference</string>
			<key>lastKnownFileType</key>
			<string>sourcecode.c.h</string>
			<key>path</key>
			<string>AppDelegate.h</string>
			<key>sourceTree</key>
			<string>&lt;group&gt;</string>
		</dict>
		<key>42ABB213196E21AD0024C2A8</key>
		<dict>
			<key>isa</key>
			<string>PBXFileReference</string>
			<key>lastKnownFileType</key>
			<string>sourcecode.c.objc</string>
			<key>path</key>
			<string>AppDelegate.m</string>
			<key>sourceTree</key>
			<string>&lt;group&gt;</string>
		</dict>
		<key>42ABB214196E21AD0024C2A8</key>
		<dict>
			<key>fileRef</key>
			<string>42ABB213196E21AD0024C2A8</string>
			<key>isa</key>
			<string>PBXBuildFile</string>
		</dict>
		<key>42ABB215196E21AD0024C2A8</key>
		<dict>
			<key>children</key>
			<array>
				<string>42ABB216196E21AD0024C2A8</string>
			</array>
			<key>isa</key>
			<string>PBXVariantGroup</string>
			<key>name</key>
			<string>Main_iPhone.storyboard</string>
			<key>sourceTree</key>
			<string>&lt;group&gt;</string>
		</dict>
		<key>42ABB216196E21AD0024C2A8</key>
		<dict>
			<key>isa</key>
			<string>PBXFileReference</string>
			<key>lastKnownFileType</key>
			<string>file.storyboard</string>
			<key>name</key>
			<string>Base</string>
			<key>path</key>
			<string>Base.lproj/Main_iPhone.storyboard</string>
			<key>sourceTree</key>
			<string>&lt;group&gt;</string>
		</dict>
		<key>42ABB217196E21AD0024C2A8</key>
		<dict>
			<key>fileRef</key>
			<string>42ABB215196E21AD0024C2A8</string>
			<key>isa</key>
			<string>PBXBuildFile</string>
		</dict>
		<key>42ABB21B196E21AD0024C2A8</key>
		<dict>
			<key>isa</key>
			<string>PBXFileReference</string>
			<key>lastKnownFileType</key>
			<string>sourcecode.c.h</string>
			<key>path</key>
			<string>ViewController.h</string>
			<key>sourceTree</key>
			<string>&lt;group&gt;</string>
		</dict>
		<key>42ABB21C196E21AD0024C2A8</key>
		<dict>
			<key>isa</key>
			<string>PBXFileReference</string>
			<key>lastKnownFileType</key>
			<string>sourcecode.c.objc</string>
			<key>path</key>
			<string>ViewController.m</string>
			<key>sourceTree</key>
			<string>&lt;group&gt;</string>
		</dict>
		<key>42ABB21D196E21AD0024C2A8</key>
		<dict>
			<key>fileRef</key>
			<string>42ABB21C196E21AD0024C2A8</string>
			<key>isa</key>
			<string>PBXBuildFile</string>
		</dict>
		<key>42ABB21E196E21AD0024C2A8</key>
		<dict>
			<key>isa</key>
			<string>PBXFileReference</string>
			<key>lastKnownFileType</key>
			<string>folder.assetcatalog</string>
			<key>path</key>
			<string>Images.xcassets</string>
			<key>sourceTree</key>
			<string>&lt;group&gt;</string>
		</dict>
		<key>42ABB21F196E21AD0024C2A8</key>
		<dict>
			<key>fileRef</key>
			<string>42ABB21E196E21AD0024C2A8</string>
			<key>isa</key>
			<string>PBXBuildFile</string>
		</dict>
		<key>42ABB220196E21AD0024C2A8</key>
		<dict>
			<key>buildActionMask</key>
			<string>2147483647</string>
			<key>files</key>
			<array>
				<string>42ABB232196E21AD0024C2A8</string>
			</array>
			<key>isa</key>
			<string>PBXSourcesBuildPhase</string>
			<key>runOnlyForDeploymentPostprocessing</key>
			<string>0</string>
		</dict>
		<key>42ABB221196E21AD0024C2A8</key>
		<dict>
			<key>buildActionMask</key>
			<string>2147483647</string>
			<key>files</key>
			<array>
				<string>42ABB226196E21AD0024C2A8</string>
				<string>42ABB228196E21AD0024C2A8</string>
				<string>42ABB227196E21AD0024C2A8</string>
			</array>
			<key>isa</key>
			<string>PBXFrameworksBuildPhase</string>
			<key>runOnlyForDeploymentPostprocessing</key>
			<string>0</string>
		</dict>
		<key>42ABB222196E21AD0024C2A8</key>
		<dict>
			<key>buildActionMask</key>
			<string>2147483647</string>
			<key>files</key>
			<array>
				<string>42ABB230196E21AD0024C2A8</string>
			</array>
			<key>isa</key>
			<string>PBXResourcesBuildPhase</string>
			<key>runOnlyForDeploymentPostprocessing</key>
			<string>0</string>
		</dict>
		<key>42ABB223196E21AD0024C2A8</key>
		<dict>
			<key>buildConfigurationList</key>
			<string>42ABB238196E21AD0024C2A8</string>
			<key>buildPhases</key>
			<array>
				<string>42ABB220196E21AD0024C2A8</string>
				<string>42ABB221196E21AD0024C2A8</string>
				<string>42ABB222196E21AD0024C2A8</string>
			</array>
			<key>buildRules</key>
			<array/>
			<key>dependencies</key>
			<array>
				<string>42ABB22A196E21AD0024C2A8</string>
			</array>
			<key>isa</key>
			<string>PBXNativeTarget</string>
			<key>name</key>
			<string>flowsTests</string>
			<key>productName</key>
			<string>flowsTests</string>
			<key>productReference</key>
			<string>42ABB224196E21AD0024C2A8</string>
			<key>productType</key>
			<string>com.apple.product-type.bundle.unit-test</string>
		</dict>
		<key>42ABB224196E21AD0024C2A8</key>
		<dict>
			<key>explicitFileType</key>
			<string>wrapper.cfbundle</string>
			<key>includeInIndex</key>
			<string>0</string>
			<key>isa</key>
			<string>PBXFileReference</string>
			<key>path</key>
			<string>flowsTests.xctest</string>
			<key>sourceTree</key>
			<string>BUILT_PRODUCTS_DIR</string>
		</dict>
		<key>42ABB225196E21AD0024C2A8</key>
		<dict>
			<key>isa</key>
			<string>PBXFileReference</string>
			<key>lastKnownFileType</key>
			<string>wrapper.framework</string>
			<key>name</key>
			<string>XCTest.framework</string>
			<key>path</key>
			<string>Library/Frameworks/XCTest.framework</string>
			<key>sourceTree</key>
			<string>DEVELOPER_DIR</string>
		</dict>
		<key>42ABB226196E21AD0024C2A8</key>
		<dict>
			<key>fileRef</key>
			<string>42ABB225196E21AD0024C2A8</string>
			<key>isa</key>
			<string>PBXBuildFile</string>
		</dict>
		<key>42ABB227196E21AD0024C2A8</key>
		<dict>
			<key>fileRef</key>
			<string>42ABB203196E21AD0024C2A8</string>
			<key>isa</key>
			<string>PBXBuildFile</string>
		</dict>
		<key>42ABB228196E21AD0024C2A8</key>
		<dict>
			<key>fileRef</key>
			<string>42ABB207196E21AD0024C2A8</string>
			<key>isa</key>
			<string>PBXBuildFile</string>
		</dict>
		<key>42ABB229196E21AD0024C2A8</key>
		<dict>
			<key>containerPortal</key>
			<string>42ABB1F8196E21AD0024C2A8</string>
			<key>isa</key>
			<string>PBXContainerItemProxy</string>
			<key>proxyType</key>
			<string>1</string>
			<key>remoteGlobalIDString</key>
			<string>42ABB1FF196E21AD0024C2A8</string>
			<key>remoteInfo</key>
			<string>flows</string>
		</dict>
		<key>42ABB22A196E21AD0024C2A8</key>
		<dict>
			<key>isa</key>
			<string>PBXTargetDependency</string>
			<key>target</key>
			<string>42ABB1FF196E21AD0024C2A8</string>
			<key>targetProxy</key>
			<string>42ABB229196E21AD0024C2A8</string>
		</dict>
		<key>42ABB22B196E21AD0024C2A8</key>
		<dict>
			<key>children</key>
			<array>
				<string>42ABB231196E21AD0024C2A8</string>
				<string>42ABB22C196E21AD0024C2A8</string>
			</array>
			<key>isa</key>
			<string>PBXGroup</string>
			<key>path</key>
			<string>flowsTests</string>
			<key>sourceTree</key>
			<string>&lt;group&gt;</string>
		</dict>
		<key>42ABB22C196E21AD0024C2A8</key>
		<dict>
			<key>children</key>
			<array>
				<string>42ABB22D196E21AD0024C2A8</string>
				<string>42ABB22E196E21AD0024C2A8</string>
			</array>
			<key>isa</key>
			<string>PBXGroup</string>
			<key>name</key>
			<string>Supporting Files</string>
			<key>sourceTree</key>
			<string>&lt;group&gt;</string>
		</dict>
		<key>42ABB22D196E21AD0024C2A8</key>
		<dict>
			<key>isa</key>
			<string>PBXFileReference</string>
			<key>lastKnownFileType</key>
			<string>text.plist.xml</string>
			<key>path</key>
			<string>flowsTests-Info.plist</string>
			<key>sourceTree</key>
			<string>&lt;group&gt;</string>
		</dict>
		<key>42ABB22E196E21AD0024C2A8</key>
		<dict>
			<key>children</key>
			<array>
				<string>42ABB22F196E21AD0024C2A8</string>
			</array>
			<key>isa</key>
			<string>PBXVariantGroup</string>
			<key>name</key>
			<string>InfoPlist.strings</string>
			<key>sourceTree</key>
			<string>&lt;group&gt;</string>
		</dict>
		<key>42ABB22F196E21AD0024C2A8</key>
		<dict>
			<key>isa</key>
			<string>PBXFileReference</string>
			<key>lastKnownFileType</key>
			<string>text.plist.strings</string>
			<key>name</key>
			<string>en</string>
			<key>path</key>
			<string>en.lproj/InfoPlist.strings</string>
			<key>sourceTree</key>
			<string>&lt;group&gt;</string>
		</dict>
		<key>42ABB230196E21AD0024C2A8</key>
		<dict>
			<key>fileRef</key>
			<string>42ABB22E196E21AD0024C2A8</string>
			<key>isa</key>
			<string>PBXBuildFile</string>
		</dict>
		<key>42ABB231196E21AD0024C2A8</key>
		<dict>
			<key>isa</key>
			<string>PBXFileReference</string>
			<key>lastKnownFileType</key>
			<string>sourcecode.c.objc</string>
			<key>path</key>
			<string>flowsTests.m</string>
			<key>sourceTree</key>
			<string>&lt;group&gt;</string>
		</dict>
		<key>42ABB232196E21AD0024C2A8</key>
		<dict>
			<key>fileRef</key>
			<string>42ABB231196E21AD0024C2A8</string>
			<key>isa</key>
			<string>PBXBuildFile</string>
		</dict>
		<key>42ABB233196E21AD0024C2A8</key>
		<dict>
			<key>buildSettings</key>
			<dict>
				<key>ALWAYS_SEARCH_USER_PATHS</key>
				<string>NO</string>
				<key>CLANG_CXX_LANGUAGE_STANDARD</key>
				<string>gnu++0x</string>
				<key>CLANG_CXX_LIBRARY</key>
				<string>libc++</string>
				<key>CLANG_ENABLE_MODULES</key>
				<string>YES</string>
				<key>CLANG_ENABLE_OBJC_ARC</key>
				<string>YES</string>
				<key>CLANG_WARN_BOOL_CONVERSION</key>
				<string>YES</string>
				<key>CLANG_WARN_CONSTANT_CONVERSION</key>
				<string>YES</string>
				<key>CLANG_WARN_DIRECT_OBJC_ISA_USAGE</key>
				<string>YES_ERROR</string>
				<key>CLANG_WARN_EMPTY_BODY</key>
				<string>YES</string>
				<key>CLANG_WARN_ENUM_CONVERSION</key>
				<string>YES</string>
				<key>CLANG_WARN_INT_CONVERSION</key>
				<string>YES</string>
				<key>CLANG_WARN_OBJC_ROOT_CLASS</key>
				<string>YES_ERROR</string>
				<key>CLANG_WARN__DUPLICATE_METHOD_MATCH</key>
				<string>YES</string>
				<key>CODE_SIGN_IDENTITY[sdk=iphoneos*]</key>
				<string>iPhone Developer</string>
				<key>COPY_PHASE_STRIP</key>
				<string>NO</string>
				<key>GCC_C_LANGUAGE_STANDARD</key>
				<string>gnu99</string>
				<key>GCC_DYNAMIC_NO_PIC</key>
				<string>NO</string>
				<key>GCC_OPTIMIZATION_LEVEL</key>
				<string>0</string>
				<key>GCC_PREPROCESSOR_DEFINITIONS</key>
				<array>
					<string>DEBUG=1</string>
					<string>$(inherited)</string>
				</array>
				<key>GCC_SYMBOLS_PRIVATE_EXTERN</key>
				<string>NO</string>
				<key>GCC_WARN_64_TO_32_BIT_CONVERSION</key>
				<string>YES</string>
				<key>GCC_WARN_ABOUT_RETURN_TYPE</key>
				<string>YES_ERROR</string>
				<key>GCC_WARN_UNDECLARED_SELECTOR</key>
				<string>YES</string>
				<key>GCC_WARN_UNINITIALIZED_AUTOS</key>
				<string>YES_AGGRESSIVE</string>
				<key>GCC_WARN_UNUSED_FUNCTION</key>
				<string>YES</string>
				<key>GCC_WARN_UNUSED_VARIABLE</key>
				<string>YES</string>
				<key>IPHONEOS_DEPLOYMENT_TARGET</key>
				<string>7.1</string>
				<key>ONLY_ACTIVE_ARCH</key>
				<string>YES</string>
				<key>SDKROOT</key>
				<string>iphoneos</string>
				<key>TARGETED_DEVICE_FAMILY</key>
				<string>1,2</string>
			</dict>
			<key>isa</key>
			<string>XCBuildConfiguration</string>
			<key>name</key>
			<string>Debug</string>
		</dict>
		<key>42ABB234196E21AD0024C2A8</key>
		<dict>
			<key>buildSettings</key>
			<dict>
				<key>ALWAYS_SEARCH_USER_PATHS</key>
				<string>NO</string>
				<key>CLANG_CXX_LANGUAGE_STANDARD</key>
				<string>gnu++0x</string>
				<key>CLANG_CXX_LIBRARY</key>
				<string>libc++</string>
				<key>CLANG_ENABLE_MODULES</key>
				<string>YES</string>
				<key>CLANG_ENABLE_OBJC_ARC</key>
				<string>YES</string>
				<key>CLANG_WARN_BOOL_CONVERSION</key>
				<string>YES</string>
				<key>CLANG_WARN_CONSTANT_CONVERSION</key>
				<string>YES</string>
				<key>CLANG_WARN_DIRECT_OBJC_ISA_USAGE</key>
				<string>YES_ERROR</string>
				<key>CLANG_WARN_EMPTY_BODY</key>
				<string>YES</string>
				<key>CLANG_WARN_ENUM_CONVERSION</key>
				<string>YES</string>
				<key>CLANG_WARN_INT_CONVERSION</key>
				<string>YES</string>
				<key>CLANG_WARN_OBJC_ROOT_CLASS</key>
				<string>YES_ERROR</string>
				<key>CLANG_WARN__DUPLICATE_METHOD_MATCH</key>
				<string>YES</string>
				<key>CODE_SIGN_IDENTITY[sdk=iphoneos*]</key>
				<string>iPhone Developer</string>
				<key>COPY_PHASE_STRIP</key>
				<string>YES</string>
				<key>ENABLE_NS_ASSERTIONS</key>
				<string>NO</string>
				<key>GCC_C_LANGUAGE_STANDARD</key>
				<string>gnu99</string>
				<key>GCC_WARN_64_TO_32_BIT_CONVERSION</key>
				<string>YES</string>
				<key>GCC_WARN_ABOUT_RETURN_TYPE</key>
				<string>YES_ERROR</string>
				<key>GCC_WARN_UNDECLARED_SELECTOR</key>
				<string>YES</string>
				<key>GCC_WARN_UNINITIALIZED_AUTOS</key>
				<string>YES_AGGRESSIVE</string>
				<key>GCC_WARN_UNUSED_FUNCTION</key>
				<string>YES</string>
				<key>GCC_WARN_UNUSED_VARIABLE</key>
				<string>YES</string>
				<key>IPHONEOS_DEPLOYMENT_TARGET</key>
				<string>7.1</string>
				<key>SDKROOT</key>
				<string>iphoneos</string>
				<key>TARGETED_DEVICE_FAMILY</key>
				<string>1,2</string>
				<key>VALIDATE_PRODUCT</key>
				<string>YES</string>
			</dict>
			<key>isa</key>
			<string>XCBuildConfiguration</string>
			<key>name</key>
			<string>Release</string>
		</dict>
		<key>42ABB235196E21AD0024C2A8</key>
		<dict>
			<key>buildConfigurations</key>
			<array>
				<string>42ABB236196E21AD0024C2A8</string>
				<string>42ABB237196E21AD0024C2A8</string>
			</array>
			<key>defaultConfigurationIsVisible</key>
			<string>0</string>
			<key>defaultConfigurationName</key>
			<string>Release</string>
			<key>isa</key>
			<string>XCConfigurationList</string>
		</dict>
		<key>42ABB236196E21AD0024C2A8</key>
		<dict>
			<key>baseConfigurationReference</key>
			<string>2D9C05AB8BA74F05B368CFBC</string>
			<key>buildSettings</key>
			<dict>
				<key>ASSETCATALOG_COMPILER_APPICON_NAME</key>
				<string>AppIcon</string>
				<key>ASSETCATALOG_COMPILER_LAUNCHIMAGE_NAME</key>
				<string>LaunchImage</string>
				<key>GCC_PRECOMPILE_PREFIX_HEADER</key>
				<string>YES</string>
				<key>GCC_PREFIX_HEADER</key>
				<string>flows/flows-Prefix.pch</string>
				<key>INFOPLIST_FILE</key>
				<string>flows/flows-Info.plist</string>
				<key>PRODUCT_NAME</key>
				<string>$(TARGET_NAME)</string>
				<key>TARGETED_DEVICE_FAMILY</key>
				<string>1</string>
				<key>WRAPPER_EXTENSION</key>
				<string>app</string>
			</dict>
			<key>isa</key>
			<string>XCBuildConfiguration</string>
			<key>name</key>
			<string>Debug</string>
		</dict>
		<key>42ABB237196E21AD0024C2A8</key>
		<dict>
			<key>baseConfigurationReference</key>
			<string>2D9C05AB8BA74F05B368CFBC</string>
			<key>buildSettings</key>
			<dict>
				<key>ASSETCATALOG_COMPILER_APPICON_NAME</key>
				<string>AppIcon</string>
				<key>ASSETCATALOG_COMPILER_LAUNCHIMAGE_NAME</key>
				<string>LaunchImage</string>
				<key>GCC_PRECOMPILE_PREFIX_HEADER</key>
				<string>YES</string>
				<key>GCC_PREFIX_HEADER</key>
				<string>flows/flows-Prefix.pch</string>
				<key>INFOPLIST_FILE</key>
				<string>flows/flows-Info.plist</string>
				<key>PRODUCT_NAME</key>
				<string>$(TARGET_NAME)</string>
				<key>TARGETED_DEVICE_FAMILY</key>
				<string>1</string>
				<key>WRAPPER_EXTENSION</key>
				<string>app</string>
			</dict>
			<key>isa</key>
			<string>XCBuildConfiguration</string>
			<key>name</key>
			<string>Release</string>
		</dict>
		<key>42ABB238196E21AD0024C2A8</key>
		<dict>
			<key>buildConfigurations</key>
			<array>
				<string>42ABB239196E21AD0024C2A8</string>
				<string>42ABB23A196E21AD0024C2A8</string>
			</array>
			<key>defaultConfigurationIsVisible</key>
			<string>0</string>
			<key>defaultConfigurationName</key>
			<string>Release</string>
			<key>isa</key>
			<string>XCConfigurationList</string>
		</dict>
		<key>42ABB239196E21AD0024C2A8</key>
		<dict>
			<key>buildSettings</key>
			<dict>
				<key>BUNDLE_LOADER</key>
				<string>$(BUILT_PRODUCTS_DIR)/flows.app/flows</string>
				<key>FRAMEWORK_SEARCH_PATHS</key>
				<array>
					<string>$(SDKROOT)/Developer/Library/Frameworks</string>
					<string>$(inherited)</string>
					<string>$(DEVELOPER_FRAMEWORKS_DIR)</string>
				</array>
				<key>GCC_PRECOMPILE_PREFIX_HEADER</key>
				<string>YES</string>
				<key>GCC_PREFIX_HEADER</key>
				<string>flows/flows-Prefix.pch</string>
				<key>GCC_PREPROCESSOR_DEFINITIONS</key>
				<array>
					<string>DEBUG=1</string>
					<string>$(inherited)</string>
				</array>
				<key>INFOPLIST_FILE</key>
				<string>flowsTests/flowsTests-Info.plist</string>
				<key>PRODUCT_NAME</key>
				<string>$(TARGET_NAME)</string>
				<key>TEST_HOST</key>
				<string>$(BUNDLE_LOADER)</string>
				<key>WRAPPER_EXTENSION</key>
				<string>xctest</string>
			</dict>
			<key>isa</key>
			<string>XCBuildConfiguration</string>
			<key>name</key>
			<string>Debug</string>
		</dict>
		<key>42ABB23A196E21AD0024C2A8</key>
		<dict>
			<key>buildSettings</key>
			<dict>
				<key>BUNDLE_LOADER</key>
				<string>$(BUILT_PRODUCTS_DIR)/flows.app/flows</string>
				<key>FRAMEWORK_SEARCH_PATHS</key>
				<array>
					<string>$(SDKROOT)/Developer/Library/Frameworks</string>
					<string>$(inherited)</string>
					<string>$(DEVELOPER_FRAMEWORKS_DIR)</string>
				</array>
				<key>GCC_PRECOMPILE_PREFIX_HEADER</key>
				<string>YES</string>
				<key>GCC_PREFIX_HEADER</key>
				<string>flows/flows-Prefix.pch</string>
				<key>INFOPLIST_FILE</key>
				<string>flowsTests/flowsTests-Info.plist</string>
				<key>PRODUCT_NAME</key>
				<string>$(TARGET_NAME)</string>
				<key>TEST_HOST</key>
				<string>$(BUNDLE_LOADER)</string>
				<key>WRAPPER_EXTENSION</key>
				<string>xctest</string>
			</dict>
			<key>isa</key>
			<string>XCBuildConfiguration</string>
			<key>name</key>
			<string>Release</string>
		</dict>
		<key>61426D2D561146AEB0EDD64B</key>
		<dict>
			<key>fileRef</key>
			<string>97819237F6064E03AE1E1FAD</string>
			<key>isa</key>
			<string>PBXBuildFile</string>
		</dict>
		<key>97819237F6064E03AE1E1FAD</key>
		<dict>
			<key>explicitFileType</key>
			<string>archive.ar</string>
			<key>includeInIndex</key>
			<string>0</string>
			<key>isa</key>
			<string>PBXFileReference</string>
			<key>path</key>
			<string>libPods.a</string>
			<key>sourceTree</key>
			<string>BUILT_PRODUCTS_DIR</string>
		</dict>
		<key>9E8D84A8408E420DB6C0F12A</key>
		<dict>
			<key>buildActionMask</key>
			<string>2147483647</string>
			<key>files</key>
			<array/>
			<key>inputPaths</key>
			<array/>
			<key>isa</key>
			<string>PBXShellScriptBuildPhase</string>
			<key>name</key>
			<string>Check Pods Manifest.lock</string>
			<key>outputPaths</key>
			<array/>
			<key>runOnlyForDeploymentPostprocessing</key>
			<string>0</string>
			<key>shellPath</key>
			<string>/bin/sh</string>
			<key>shellScript</key>
			<string>diff "${PODS_ROOT}/../Podfile.lock" "${PODS_ROOT}/Manifest.lock" &gt; /dev/null
if [[ $? != 0 ]] ; then
    cat &lt;&lt; EOM
error: The sandbox is not in sync with the Podfile.lock. Run 'pod install' or update your CocoaPods installation.
EOM
    exit 1
fi
</string>
			<key>showEnvVarsInLog</key>
			<string>0</string>
		</dict>
		<key>CD33DD2D9F814F7CACA38F23</key>
		<dict>
			<key>buildActionMask</key>
			<string>2147483647</string>
			<key>files</key>
			<array/>
			<key>inputPaths</key>
			<array/>
			<key>isa</key>
			<string>PBXShellScriptBuildPhase</string>
			<key>name</key>
			<string>Copy Pods Resources</string>
			<key>outputPaths</key>
			<array/>
			<key>runOnlyForDeploymentPostprocessing</key>
			<string>0</string>
			<key>shellPath</key>
			<string>/bin/sh</string>
			<key>shellScript</key>
			<string>"${SRCROOT}/Pods/Pods-resources.sh"
</string>
			<key>showEnvVarsInLog</key>
			<string>0</string>
		</dict>
	</dict>
	<key>rootObject</key>
	<string>42ABB1F8196E21AD0024C2A8</string>
</dict>
</plist>
